// !$*UTF8*$!
{
	archiveVersion = 1;
	classes = {
	};
	objectVersion = 55;
	objects = {

/* Begin PBXBuildFile section */
		330407DF28C60ABB0052EA19 /* 성격 유형 검사하기.swift in Sources */ = {isa = PBXBuildFile; fileRef = 330407DE28C60ABB0052EA19 /* 성격 유형 검사하기.swift */; };
		334149902897E853008BB719 /* main.swift in Sources */ = {isa = PBXBuildFile; fileRef = 3341498F2897E853008BB719 /* main.swift */; };
		334149982897E948008BB719 /* solve.swift in Sources */ = {isa = PBXBuildFile; fileRef = 334149972897E948008BB719 /* solve.swift */; };
		3341499A2897EA4D008BB719 /* otherSolve.swift in Sources */ = {isa = PBXBuildFile; fileRef = 334149992897EA4D008BB719 /* otherSolve.swift */; };
		33B39B2B289C4C2D0065B484 /* 타겟 넘버.swift in Sources */ = {isa = PBXBuildFile; fileRef = 33B39B2A289C4C2D0065B484 /* 타겟 넘버.swift */; };
		33DFAE3C2898036B0075DD46 /* 신규 아이디 추천.swift in Sources */ = {isa = PBXBuildFile; fileRef = 33DFAE3B2898036A0075DD46 /* 신규 아이디 추천.swift */; };
		33DFAE3E28980C360075DD46 /* 키패드 누르기.swift in Sources */ = {isa = PBXBuildFile; fileRef = 33DFAE3D28980C360075DD46 /* 키패드 누르기.swift */; };
		33DFAE40289814930075DD46 /* 가운데 글자 가져오기.swift in Sources */ = {isa = PBXBuildFile; fileRef = 33DFAE3F289814930075DD46 /* 가운데 글자 가져오기.swift */; };
		33DFAE42289823800075DD46 /* 서울에서 김서방 찾기.swift in Sources */ = {isa = PBXBuildFile; fileRef = 33DFAE41289823800075DD46 /* 서울에서 김서방 찾기.swift */; };
		33DFAE44289842B00075DD46 /* 크레인 인형뽑기 게임.swift in Sources */ = {isa = PBXBuildFile; fileRef = 33DFAE43289842B00075DD46 /* 크레인 인형뽑기 게임.swift */; };
		33E38C09289AD0D800137EF3 /* 문자열 압축.swift in Sources */ = {isa = PBXBuildFile; fileRef = 33E38C08289AD0D800137EF3 /* 문자열 압축.swift */; };
/* End PBXBuildFile section */

/* Begin PBXCopyFilesBuildPhase section */
		3341498A2897E853008BB719 /* CopyFiles */ = {
			isa = PBXCopyFilesBuildPhase;
			buildActionMask = 2147483647;
			dstPath = /usr/share/man/man1/;
			dstSubfolderSpec = 0;
			files = (
			);
			runOnlyForDeploymentPostprocessing = 1;
		};
/* End PBXCopyFilesBuildPhase section */

/* Begin PBXFileReference section */
		330407DE28C60ABB0052EA19 /* 성격 유형 검사하기.swift */ = {isa = PBXFileReference; lastKnownFileType = sourcecode.swift; path = "성격 유형 검사하기.swift"; sourceTree = "<group>"; };
		3341498C2897E853008BB719 /* Programmers1 */ = {isa = PBXFileReference; explicitFileType = "compiled.mach-o.executable"; includeInIndex = 0; path = Programmers1; sourceTree = BUILT_PRODUCTS_DIR; };
		3341498F2897E853008BB719 /* main.swift */ = {isa = PBXFileReference; lastKnownFileType = sourcecode.swift; path = main.swift; sourceTree = "<group>"; };
		334149972897E948008BB719 /* solve.swift */ = {isa = PBXFileReference; lastKnownFileType = sourcecode.swift; path = solve.swift; sourceTree = "<group>"; };
		334149992897EA4D008BB719 /* otherSolve.swift */ = {isa = PBXFileReference; lastKnownFileType = sourcecode.swift; path = otherSolve.swift; sourceTree = "<group>"; };
		33B39B2A289C4C2D0065B484 /* 타겟 넘버.swift */ = {isa = PBXFileReference; lastKnownFileType = sourcecode.swift; path = "타겟 넘버.swift"; sourceTree = "<group>"; };
		33DFAE3B2898036A0075DD46 /* 신규 아이디 추천.swift */ = {isa = PBXFileReference; lastKnownFileType = sourcecode.swift; path = "신규 아이디 추천.swift"; sourceTree = "<group>"; };
		33DFAE3D28980C360075DD46 /* 키패드 누르기.swift */ = {isa = PBXFileReference; lastKnownFileType = sourcecode.swift; path = "키패드 누르기.swift"; sourceTree = "<group>"; };
		33DFAE3F289814930075DD46 /* 가운데 글자 가져오기.swift */ = {isa = PBXFileReference; lastKnownFileType = sourcecode.swift; path = "가운데 글자 가져오기.swift"; sourceTree = "<group>"; };
		33DFAE41289823800075DD46 /* 서울에서 김서방 찾기.swift */ = {isa = PBXFileReference; lastKnownFileType = sourcecode.swift; path = "서울에서 김서방 찾기.swift"; sourceTree = "<group>"; };
		33DFAE43289842B00075DD46 /* 크레인 인형뽑기 게임.swift */ = {isa = PBXFileReference; lastKnownFileType = sourcecode.swift; path = "크레인 인형뽑기 게임.swift"; sourceTree = "<group>"; };
		33E38C08289AD0D800137EF3 /* 문자열 압축.swift */ = {isa = PBXFileReference; lastKnownFileType = sourcecode.swift; path = "문자열 압축.swift"; sourceTree = "<group>"; };
/* End PBXFileReference section */

/* Begin PBXFrameworksBuildPhase section */
		334149892897E853008BB719 /* Frameworks */ = {
			isa = PBXFrameworksBuildPhase;
			buildActionMask = 2147483647;
			files = (
			);
			runOnlyForDeploymentPostprocessing = 0;
		};
/* End PBXFrameworksBuildPhase section */

/* Begin PBXGroup section */
		334149832897E852008BB719 = {
			isa = PBXGroup;
			children = (
				3341498E2897E853008BB719 /* Programmers */,
				3341498D2897E853008BB719 /* Products */,
			);
			sourceTree = "<group>";
		};
		3341498D2897E853008BB719 /* Products */ = {
			isa = PBXGroup;
			children = (
				3341498C2897E853008BB719 /* Programmers1 */,
			);
			name = Products;
			sourceTree = "<group>";
		};
		3341498E2897E853008BB719 /* Programmers */ = {
			isa = PBXGroup;
			children = (
				33E38C06289ACE9400137EF3 /* level1 */,
				33E38C07289ACEA600137EF3 /* level2 */,
				3341498F2897E853008BB719 /* main.swift */,
			);
			path = Programmers;
			sourceTree = "<group>";
		};
		334149962897E910008BB719 /* 7-NoneNumberPlus */ = {
			isa = PBXGroup;
			children = (
				334149972897E948008BB719 /* solve.swift */,
				334149992897EA4D008BB719 /* otherSolve.swift */,
			);
			path = "7-NoneNumberPlus";
			sourceTree = "<group>";
		};
		33E38C06289ACE9400137EF3 /* level1 */ = {
			isa = PBXGroup;
			children = (
				33DFAE3B2898036A0075DD46 /* 신규 아이디 추천.swift */,
				33DFAE3D28980C360075DD46 /* 키패드 누르기.swift */,
				33DFAE41289823800075DD46 /* 서울에서 김서방 찾기.swift */,
				33DFAE43289842B00075DD46 /* 크레인 인형뽑기 게임.swift */,
				33DFAE3F289814930075DD46 /* 가운데 글자 가져오기.swift */,
				334149962897E910008BB719 /* 7-NoneNumberPlus */,
				330407DE28C60ABB0052EA19 /* 성격 유형 검사하기.swift */,
			);
			path = level1;
			sourceTree = "<group>";
		};
		33E38C07289ACEA600137EF3 /* level2 */ = {
			isa = PBXGroup;
			children = (
				33E38C08289AD0D800137EF3 /* 문자열 압축.swift */,
				33B39B2A289C4C2D0065B484 /* 타겟 넘버.swift */,
			);
			path = level2;
			sourceTree = "<group>";
		};
/* End PBXGroup section */

/* Begin PBXNativeTarget section */
		3341498B2897E853008BB719 /* Programmers1 */ = {
			isa = PBXNativeTarget;
			buildConfigurationList = 334149932897E853008BB719 /* Build configuration list for PBXNativeTarget "Programmers1" */;
			buildPhases = (
				334149882897E853008BB719 /* Sources */,
				334149892897E853008BB719 /* Frameworks */,
				3341498A2897E853008BB719 /* CopyFiles */,
			);
			buildRules = (
			);
			dependencies = (
			);
			name = Programmers1;
			productName = ProgrammersLevel1;
			productReference = 3341498C2897E853008BB719 /* Programmers1 */;
			productType = "com.apple.product-type.tool";
		};
/* End PBXNativeTarget section */

/* Begin PBXProject section */
		334149842897E852008BB719 /* Project object */ = {
			isa = PBXProject;
			attributes = {
				BuildIndependentTargetsInParallel = 1;
				LastSwiftUpdateCheck = 1340;
				LastUpgradeCheck = 1340;
				TargetAttributes = {
					3341498B2897E853008BB719 = {
						CreatedOnToolsVersion = 13.4;
					};
				};
			};
			buildConfigurationList = 334149872897E852008BB719 /* Build configuration list for PBXProject "Programmers" */;
			compatibilityVersion = "Xcode 13.0";
			developmentRegion = en;
			hasScannedForEncodings = 0;
			knownRegions = (
				en,
				Base,
			);
			mainGroup = 334149832897E852008BB719;
			productRefGroup = 3341498D2897E853008BB719 /* Products */;
			projectDirPath = "";
			projectRoot = "";
			targets = (
				3341498B2897E853008BB719 /* Programmers1 */,
			);
		};
/* End PBXProject section */

/* Begin PBXSourcesBuildPhase section */
		334149882897E853008BB719 /* Sources */ = {
			isa = PBXSourcesBuildPhase;
			buildActionMask = 2147483647;
			files = (
				33DFAE42289823800075DD46 /* 서울에서 김서방 찾기.swift in Sources */,
				33DFAE3C2898036B0075DD46 /* 신규 아이디 추천.swift in Sources */,
				330407DF28C60ABB0052EA19 /* 성격 유형 검사하기.swift in Sources */,
				33DFAE3E28980C360075DD46 /* 키패드 누르기.swift in Sources */,
				334149902897E853008BB719 /* main.swift in Sources */,
				33DFAE40289814930075DD46 /* 가운데 글자 가져오기.swift in Sources */,
				33B39B2B289C4C2D0065B484 /* 타겟 넘버.swift in Sources */,
				33E38C09289AD0D800137EF3 /* 문자열 압축.swift in Sources */,
				33DFAE44289842B00075DD46 /* 크레인 인형뽑기 게임.swift in Sources */,
				3341499A2897EA4D008BB719 /* otherSolve.swift in Sources */,
				334149982897E948008BB719 /* solve.swift in Sources */,
			);
			runOnlyForDeploymentPostprocessing = 0;
		};
/* End PBXSourcesBuildPhase section */

/* Begin XCBuildConfiguration section */
		334149912897E853008BB719 /* Debug */ = {
			isa = XCBuildConfiguration;
			buildSettings = {
				ALWAYS_SEARCH_USER_PATHS = NO;
				CLANG_ANALYZER_NONNULL = YES;
				CLANG_ANALYZER_NUMBER_OBJECT_CONVERSION = YES_AGGRESSIVE;
				CLANG_CXX_LANGUAGE_STANDARD = "gnu++17";
				CLANG_ENABLE_MODULES = YES;
				CLANG_ENABLE_OBJC_ARC = YES;
				CLANG_ENABLE_OBJC_WEAK = YES;
				CLANG_WARN_BLOCK_CAPTURE_AUTORELEASING = YES;
				CLANG_WARN_BOOL_CONVERSION = YES;
				CLANG_WARN_COMMA = YES;
				CLANG_WARN_CONSTANT_CONVERSION = YES;
				CLANG_WARN_DEPRECATED_OBJC_IMPLEMENTATIONS = YES;
				CLANG_WARN_DIRECT_OBJC_ISA_USAGE = YES_ERROR;
				CLANG_WARN_DOCUMENTATION_COMMENTS = YES;
				CLANG_WARN_EMPTY_BODY = YES;
				CLANG_WARN_ENUM_CONVERSION = YES;
				CLANG_WARN_INFINITE_RECURSION = YES;
				CLANG_WARN_INT_CONVERSION = YES;
				CLANG_WARN_NON_LITERAL_NULL_CONVERSION = YES;
				CLANG_WARN_OBJC_IMPLICIT_RETAIN_SELF = YES;
				CLANG_WARN_OBJC_LITERAL_CONVERSION = YES;
				CLANG_WARN_OBJC_ROOT_CLASS = YES_ERROR;
				CLANG_WARN_QUOTED_INCLUDE_IN_FRAMEWORK_HEADER = YES;
				CLANG_WARN_RANGE_LOOP_ANALYSIS = YES;
				CLANG_WARN_STRICT_PROTOTYPES = YES;
				CLANG_WARN_SUSPICIOUS_MOVE = YES;
				CLANG_WARN_UNGUARDED_AVAILABILITY = YES_AGGRESSIVE;
				CLANG_WARN_UNREACHABLE_CODE = YES;
				CLANG_WARN__DUPLICATE_METHOD_MATCH = YES;
				COPY_PHASE_STRIP = NO;
				DEBUG_INFORMATION_FORMAT = dwarf;
				ENABLE_STRICT_OBJC_MSGSEND = YES;
				ENABLE_TESTABILITY = YES;
				GCC_C_LANGUAGE_STANDARD = gnu11;
				GCC_DYNAMIC_NO_PIC = NO;
				GCC_NO_COMMON_BLOCKS = YES;
				GCC_OPTIMIZATION_LEVEL = 0;
				GCC_PREPROCESSOR_DEFINITIONS = (
					"DEBUG=1",
					"$(inherited)",
				);
				GCC_WARN_64_TO_32_BIT_CONVERSION = YES;
				GCC_WARN_ABOUT_RETURN_TYPE = YES_ERROR;
				GCC_WARN_UNDECLARED_SELECTOR = YES;
				GCC_WARN_UNINITIALIZED_AUTOS = YES_AGGRESSIVE;
				GCC_WARN_UNUSED_FUNCTION = YES;
				GCC_WARN_UNUSED_VARIABLE = YES;
				MACOSX_DEPLOYMENT_TARGET = 12.3;
				MTL_ENABLE_DEBUG_INFO = INCLUDE_SOURCE;
				MTL_FAST_MATH = YES;
				ONLY_ACTIVE_ARCH = YES;
				SDKROOT = macosx;
				SWIFT_ACTIVE_COMPILATION_CONDITIONS = DEBUG;
				SWIFT_OPTIMIZATION_LEVEL = "-Onone";
			};
			name = Debug;
		};
		334149922897E853008BB719 /* Release */ = {
			isa = XCBuildConfiguration;
			buildSettings = {
				ALWAYS_SEARCH_USER_PATHS = NO;
				CLANG_ANALYZER_NONNULL = YES;
				CLANG_ANALYZER_NUMBER_OBJECT_CONVERSION = YES_AGGRESSIVE;
				CLANG_CXX_LANGUAGE_STANDARD = "gnu++17";
				CLANG_ENABLE_MODULES = YES;
				CLANG_ENABLE_OBJC_ARC = YES;
				CLANG_ENABLE_OBJC_WEAK = YES;
				CLANG_WARN_BLOCK_CAPTURE_AUTORELEASING = YES;
				CLANG_WARN_BOOL_CONVERSION = YES;
				CLANG_WARN_COMMA = YES;
				CLANG_WARN_CONSTANT_CONVERSION = YES;
				CLANG_WARN_DEPRECATED_OBJC_IMPLEMENTATIONS = YES;
				CLANG_WARN_DIRECT_OBJC_ISA_USAGE = YES_ERROR;
				CLANG_WARN_DOCUMENTATION_COMMENTS = YES;
				CLANG_WARN_EMPTY_BODY = YES;
				CLANG_WARN_ENUM_CONVERSION = YES;
				CLANG_WARN_INFINITE_RECURSION = YES;
				CLANG_WARN_INT_CONVERSION = YES;
				CLANG_WARN_NON_LITERAL_NULL_CONVERSION = YES;
				CLANG_WARN_OBJC_IMPLICIT_RETAIN_SELF = YES;
				CLANG_WARN_OBJC_LITERAL_CONVERSION = YES;
				CLANG_WARN_OBJC_ROOT_CLASS = YES_ERROR;
				CLANG_WARN_QUOTED_INCLUDE_IN_FRAMEWORK_HEADER = YES;
				CLANG_WARN_RANGE_LOOP_ANALYSIS = YES;
				CLANG_WARN_STRICT_PROTOTYPES = YES;
				CLANG_WARN_SUSPICIOUS_MOVE = YES;
				CLANG_WARN_UNGUARDED_AVAILABILITY = YES_AGGRESSIVE;
				CLANG_WARN_UNREACHABLE_CODE = YES;
				CLANG_WARN__DUPLICATE_METHOD_MATCH = YES;
				COPY_PHASE_STRIP = NO;
				DEBUG_INFORMATION_FORMAT = "dwarf-with-dsym";
				ENABLE_NS_ASSERTIONS = NO;
				ENABLE_STRICT_OBJC_MSGSEND = YES;
				GCC_C_LANGUAGE_STANDARD = gnu11;
				GCC_NO_COMMON_BLOCKS = YES;
				GCC_WARN_64_TO_32_BIT_CONVERSION = YES;
				GCC_WARN_ABOUT_RETURN_TYPE = YES_ERROR;
				GCC_WARN_UNDECLARED_SELECTOR = YES;
				GCC_WARN_UNINITIALIZED_AUTOS = YES_AGGRESSIVE;
				GCC_WARN_UNUSED_FUNCTION = YES;
				GCC_WARN_UNUSED_VARIABLE = YES;
				MACOSX_DEPLOYMENT_TARGET = 12.3;
				MTL_ENABLE_DEBUG_INFO = NO;
				MTL_FAST_MATH = YES;
				SDKROOT = macosx;
				SWIFT_COMPILATION_MODE = wholemodule;
				SWIFT_OPTIMIZATION_LEVEL = "-O";
			};
			name = Release;
		};
		334149942897E853008BB719 /* Debug */ = {
			isa = XCBuildConfiguration;
			buildSettings = {
				CODE_SIGN_STYLE = Automatic;
				DEVELOPMENT_TEAM = 2ZS26WP93H;
				ENABLE_HARDENED_RUNTIME = YES;
				PRODUCT_NAME = "$(TARGET_NAME)";
				SWIFT_VERSION = 5.0;
			};
			name = Debug;
		};
		334149952897E853008BB719 /* Release */ = {
			isa = XCBuildConfiguration;
			buildSettings = {
				CODE_SIGN_STYLE = Automatic;
				DEVELOPMENT_TEAM = 2ZS26WP93H;
				ENABLE_HARDENED_RUNTIME = YES;
				PRODUCT_NAME = "$(TARGET_NAME)";
				SWIFT_VERSION = 5.0;
			};
			name = Release;
		};
/* End XCBuildConfiguration section */

/* Begin XCConfigurationList section */
		334149872897E852008BB719 /* Build configuration list for PBXProject "Programmers" */ = {
			isa = XCConfigurationList;
			buildConfigurations = (
				334149912897E853008BB719 /* Debug */,
				334149922897E853008BB719 /* Release */,
			);
			defaultConfigurationIsVisible = 0;
			defaultConfigurationName = Release;
		};
		334149932897E853008BB719 /* Build configuration list for PBXNativeTarget "Programmers1" */ = {
			isa = XCConfigurationList;
			buildConfigurations = (
				334149942897E853008BB719 /* Debug */,
				334149952897E853008BB719 /* Release */,
			);
			defaultConfigurationIsVisible = 0;
			defaultConfigurationName = Release;
		};
/* End XCConfigurationList section */
	};
	rootObject = 334149842897E852008BB719 /* Project object */;
}
