// !$*UTF8*$!
{
	archiveVersion = 1;
	classes = {
	};
	objectVersion = 55;
	objects = {

/* Begin PBXBuildFile section */
		33029DB229C4A6EC003903BE /* 피보나치 수.swift in Sources */ = {isa = PBXBuildFile; fileRef = 33029DB129C4A6EC003903BE /* 피보나치 수.swift */; };
		33029DB429C85BC3003903BE /* 두 큐 합 같게 만들기.swift in Sources */ = {isa = PBXBuildFile; fileRef = 33029DB329C85BC3003903BE /* 두 큐 합 같게 만들기.swift */; };
		330407DF28C60ABB0052EA19 /* 성격 유형 검사하기.swift in Sources */ = {isa = PBXBuildFile; fileRef = 330407DE28C60ABB0052EA19 /* 성격 유형 검사하기.swift */; };
		330409D029A7A52900B689E7 /* JadenCase 문자열 만들기.swift in Sources */ = {isa = PBXBuildFile; fileRef = 330409CF29A7A52900B689E7 /* JadenCase 문자열 만들기.swift */; };
		3304D50A29D57DFA00A88399 /* 타겟 넘버_2.swift in Sources */ = {isa = PBXBuildFile; fileRef = 3304D50929D57DFA00A88399 /* 타겟 넘버_2.swift */; };
		3304D50C29D5906F00A88399 /* [3차] 압축.swift in Sources */ = {isa = PBXBuildFile; fileRef = 3304D50B29D5906F00A88399 /* [3차] 압축.swift */; };
		330D91E729A4E10C00E297AD /* 피로도.swift in Sources */ = {isa = PBXBuildFile; fileRef = 330D91E629A4E10C00E297AD /* 피로도.swift */; };
		330D91EA29A63AEE00E297AD /* [1차] 뉴스 클러스터링.swift in Sources */ = {isa = PBXBuildFile; fileRef = 330D91E929A63AEE00E297AD /* [1차] 뉴스 클러스터링.swift */; };
		330D91EC29A6498400E297AD /* 스킬트리.swift in Sources */ = {isa = PBXBuildFile; fileRef = 330D91EB29A6498400E297AD /* 스킬트리.swift */; };
		3316175728DCA81D001DAACE /* 양궁대회.swift in Sources */ = {isa = PBXBuildFile; fileRef = 3316175628DCA81D001DAACE /* 양궁대회.swift */; };
		3316175A28DDDCB7001DAACE /* 순위 검색.swift in Sources */ = {isa = PBXBuildFile; fileRef = 3316175928DDDCB7001DAACE /* 순위 검색.swift */; };
		33231EC42948A1CE0094B6C2 /* 명예의 전당(1).swift in Sources */ = {isa = PBXBuildFile; fileRef = 33231EC32948A1CE0094B6C2 /* 명예의 전당(1).swift */; };
		33231EC62948A9C60094B6C2 /* 가장 가까운 같은 글자.swift in Sources */ = {isa = PBXBuildFile; fileRef = 33231EC52948A9C60094B6C2 /* 가장 가까운 같은 글자.swift */; };
		3329C6F52937351100493B14 /* 여행 경로.swift in Sources */ = {isa = PBXBuildFile; fileRef = 3329C6F42937351100493B14 /* 여행 경로.swift */; };
		333166CF296D492B00AF717B /* 문자열을 정수로 바꾸기.swift in Sources */ = {isa = PBXBuildFile; fileRef = 333166CE296D492B00AF717B /* 문자열을 정수로 바꾸기.swift */; };
		333166D1296D4E6800AF717B /* 약수의 합.swift in Sources */ = {isa = PBXBuildFile; fileRef = 333166D0296D4E6800AF717B /* 약수의 합.swift */; };
		333166D3296D543800AF717B /* 이상한 문자 만들기.swift in Sources */ = {isa = PBXBuildFile; fileRef = 333166D2296D543800AF717B /* 이상한 문자 만들기.swift */; };
		333166D5296D5A7B00AF717B /* 자릿수 더하기.swift in Sources */ = {isa = PBXBuildFile; fileRef = 333166D4296D5A7B00AF717B /* 자릿수 더하기.swift */; };
		333166D7296D653B00AF717B /* 자연수 뒤집어 배열로 만들기.swift in Sources */ = {isa = PBXBuildFile; fileRef = 333166D6296D653B00AF717B /* 자연수 뒤집어 배열로 만들기.swift */; };
		333166D9296D6F3500AF717B /* 문자열 나누기.swift in Sources */ = {isa = PBXBuildFile; fileRef = 333166D8296D6F3500AF717B /* 문자열 나누기.swift */; };
		333166DB296D942F00AF717B /* 푸드 파이트 대회.swift in Sources */ = {isa = PBXBuildFile; fileRef = 333166DA296D942F00AF717B /* 푸드 파이트 대회.swift */; };
		333166DD296D9B2700AF717B /* 개인정보 수집 유효기간.swift in Sources */ = {isa = PBXBuildFile; fileRef = 333166DC296D9B2700AF717B /* 개인정보 수집 유효기간.swift */; };
		33404F33292E1F2600F285C7 /* 기사단원의 무기.swift in Sources */ = {isa = PBXBuildFile; fileRef = 33404F32292E1F2600F285C7 /* 기사단원의 무기.swift */; };
		334149902897E853008BB719 /* main.swift in Sources */ = {isa = PBXBuildFile; fileRef = 3341498F2897E853008BB719 /* main.swift */; };
		334149982897E948008BB719 /* solve.swift in Sources */ = {isa = PBXBuildFile; fileRef = 334149972897E948008BB719 /* solve.swift */; };
		3341499A2897EA4D008BB719 /* otherSolve.swift in Sources */ = {isa = PBXBuildFile; fileRef = 334149992897EA4D008BB719 /* otherSolve.swift */; };
		334E6FEB28DE126E00865FDD /* 양과 늑대.swift in Sources */ = {isa = PBXBuildFile; fileRef = 334E6FEA28DE126E00865FDD /* 양과 늑대.swift */; };
		334E6FED28DE326200865FDD /* 파괴되지 않은 건물.swift in Sources */ = {isa = PBXBuildFile; fileRef = 334E6FEC28DE326200865FDD /* 파괴되지 않은 건물.swift */; };
		334E6FEF28DE344700865FDD /* 신고 결과 받기.swift in Sources */ = {isa = PBXBuildFile; fileRef = 334E6FEE28DE344700865FDD /* 신고 결과 받기.swift */; };
		334F97A42940D07B00133427 /* 과일 장수.swift in Sources */ = {isa = PBXBuildFile; fileRef = 334F97A32940D07B00133427 /* 과일 장수.swift */; };
		3353F6D92968595000855EDA /* 비밀지도.swift in Sources */ = {isa = PBXBuildFile; fileRef = 3353F6D82968595000855EDA /* 비밀지도.swift */; };
		3357F0BA297833F9008D6C10 /* 나머지가 1이 되는 수 찾기.swift in Sources */ = {isa = PBXBuildFile; fileRef = 3357F0B9297833F9008D6C10 /* 나머지가 1이 되는 수 찾기.swift */; };
		3357F0BC29783A53008D6C10 /* 정수 내림차순으로 배치하기.swift in Sources */ = {isa = PBXBuildFile; fileRef = 3357F0BB29783A53008D6C10 /* 정수 내림차순으로 배치하기.swift */; };
		3357F0BE29785559008D6C10 /* 제일 작은 수 제거하기.swift in Sources */ = {isa = PBXBuildFile; fileRef = 3357F0BD29785559008D6C10 /* 제일 작은 수 제거하기.swift */; };
		3357F0C029785870008D6C10 /* 정수 제곱근 판별.swift in Sources */ = {isa = PBXBuildFile; fileRef = 3357F0BF29785870008D6C10 /* 정수 제곱근 판별.swift */; };
		3357F0C229785B13008D6C10 /* 짝수와 홀수.swift in Sources */ = {isa = PBXBuildFile; fileRef = 3357F0C129785B13008D6C10 /* 짝수와 홀수.swift */; };
		3357F0C429785C20008D6C10 /* 평균 구하기.swift in Sources */ = {isa = PBXBuildFile; fileRef = 3357F0C329785C20008D6C10 /* 평균 구하기.swift */; };
		3357F0C629785D9C008D6C10 /* 핸드폰 번호 가리기.swift in Sources */ = {isa = PBXBuildFile; fileRef = 3357F0C529785D9C008D6C10 /* 핸드폰 번호 가리기.swift */; };
		3357F0C82978616C008D6C10 /* x만큼 간격이 있는 n개의 숫자.swift in Sources */ = {isa = PBXBuildFile; fileRef = 3357F0C72978616C008D6C10 /* x만큼 간격이 있는 n개의 숫자.swift */; };
		3357F0CA29797A9F008D6C10 /* 이모티콘 할인행사.swift in Sources */ = {isa = PBXBuildFile; fileRef = 3357F0C929797A9F008D6C10 /* 이모티콘 할인행사.swift */; };
		3357F0CC29798C68008D6C10 /* 음양 더하기.swift in Sources */ = {isa = PBXBuildFile; fileRef = 3357F0CB29798C68008D6C10 /* 음양 더하기.swift */; };
		3357F0CE297990F9008D6C10 /* 콜라츠 추측.swift in Sources */ = {isa = PBXBuildFile; fileRef = 3357F0CD297990F9008D6C10 /* 콜라츠 추측.swift */; };
		3357F0D02979970F008D6C10 /* 하샤드 수.swift in Sources */ = {isa = PBXBuildFile; fileRef = 3357F0CF2979970F008D6C10 /* 하샤드 수.swift */; };
		3357F0D229799B80008D6C10 /* 예산.swift in Sources */ = {isa = PBXBuildFile; fileRef = 3357F0D129799B80008D6C10 /* 예산.swift */; };
		3357F0D4297BC9E0008D6C10 /* 부족한 금액 계산하기.swift in Sources */ = {isa = PBXBuildFile; fileRef = 3357F0D3297BC9E0008D6C10 /* 부족한 금액 계산하기.swift */; };
		3357F0D6297BCD6D008D6C10 /* 최대공약수와 최소공배수.swift in Sources */ = {isa = PBXBuildFile; fileRef = 3357F0D5297BCD6D008D6C10 /* 최대공약수와 최소공배수.swift */; };
		3357F0D8297EBCFB008D6C10 /* 내적.swift in Sources */ = {isa = PBXBuildFile; fileRef = 3357F0D7297EBCFB008D6C10 /* 내적.swift */; };
		3357F0DA298024B0008D6C10 /* 행렬의 덧셈.swift in Sources */ = {isa = PBXBuildFile; fileRef = 3357F0D9298024B0008D6C10 /* 행렬의 덧셈.swift */; };
		3359057329CADE2A009BD501 /* FrogJmp.swift in Sources */ = {isa = PBXBuildFile; fileRef = 3359057229CADE2A009BD501 /* FrogJmp.swift */; };
		3359057529CAE27A009BD501 /* PermMissingElem.swift in Sources */ = {isa = PBXBuildFile; fileRef = 3359057429CAE27A009BD501 /* PermMissingElem.swift */; };
		3359057729CAE7A4009BD501 /* TapeEquilibrium.swift in Sources */ = {isa = PBXBuildFile; fileRef = 3359057629CAE7A4009BD501 /* TapeEquilibrium.swift */; };
		3359057A29CAFCB2009BD501 /* FrogRiverOne.swift in Sources */ = {isa = PBXBuildFile; fileRef = 3359057929CAFCB2009BD501 /* FrogRiverOne.swift */; };
		3359057C29CB080F009BD501 /* PermCheck.swift in Sources */ = {isa = PBXBuildFile; fileRef = 3359057B29CB080F009BD501 /* PermCheck.swift */; };
		3359057E29CB0C48009BD501 /* MaxCounters.swift in Sources */ = {isa = PBXBuildFile; fileRef = 3359057D29CB0C48009BD501 /* MaxCounters.swift */; };
		3359058029CB66F6009BD501 /* MissingInteger.swift in Sources */ = {isa = PBXBuildFile; fileRef = 3359057F29CB66F6009BD501 /* MissingInteger.swift */; };
		3359058329CB6D9B009BD501 /* PassingCars.swift in Sources */ = {isa = PBXBuildFile; fileRef = 3359058229CB6D9B009BD501 /* PassingCars.swift */; };
		3359058529CB7273009BD501 /* CountDiv.swift in Sources */ = {isa = PBXBuildFile; fileRef = 3359058429CB7273009BD501 /* CountDiv.swift */; };
		3359E0F9298123980023A382 /* 전력망을 둘로 나누기.swift in Sources */ = {isa = PBXBuildFile; fileRef = 3359E0F8298123980023A382 /* 전력망을 둘로 나누기.swift */; };
		3359E0FB298270220023A382 /* 직사각형 별찍기.swift in Sources */ = {isa = PBXBuildFile; fileRef = 3359E0FA298270220023A382 /* 직사각형 별찍기.swift */; };
		3359E0FD298276D10023A382 /* 약수의 개수와 덧셈.swift in Sources */ = {isa = PBXBuildFile; fileRef = 3359E0FC298276D10023A382 /* 약수의 개수와 덧셈.swift */; };
		3359E0FF298285460023A382 /* 3진법 뒤집기.swift in Sources */ = {isa = PBXBuildFile; fileRef = 3359E0FE298285460023A382 /* 3진법 뒤집기.swift */; };
		3359E1012982ADE40023A382 /* K번째 수.swift in Sources */ = {isa = PBXBuildFile; fileRef = 3359E1002982ADE40023A382 /* K번째 수.swift */; };
		3359E1032982DCF80023A382 /* 두 개 뽑아서 더하기.swift in Sources */ = {isa = PBXBuildFile; fileRef = 3359E1022982DCF80023A382 /* 두 개 뽑아서 더하기.swift */; };
		3359E105298313410023A382 /* 콜라 문제.swift in Sources */ = {isa = PBXBuildFile; fileRef = 3359E104298313400023A382 /* 콜라 문제.swift */; };
		3359E1072983C6F90023A382 /* 최소직사각형.swift in Sources */ = {isa = PBXBuildFile; fileRef = 3359E1062983C6F90023A382 /* 최소직사각형.swift */; };
		3359E1092983D0670023A382 /* 삼총사.swift in Sources */ = {isa = PBXBuildFile; fileRef = 3359E1082983D0670023A382 /* 삼총사.swift */; };
		3359E10B2983ECA00023A382 /* 무인도 여행.swift in Sources */ = {isa = PBXBuildFile; fileRef = 3359E10A2983ECA00023A382 /* 무인도 여행.swift */; };
		335F5112296EA4DB0068C5C7 /* 햄버거 만들기.swift in Sources */ = {isa = PBXBuildFile; fileRef = 335F5111296EA4DB0068C5C7 /* 햄버거 만들기.swift */; };
		336260F229B4A1FF00B6CF9D /* 바탕화면 정리.swift in Sources */ = {isa = PBXBuildFile; fileRef = 336260F129B4A1FF00B6CF9D /* 바탕화면 정리.swift */; };
		3379B43529897C0F00F53315 /* 뒤에 있는 큰 수 찾기.swift in Sources */ = {isa = PBXBuildFile; fileRef = 3379B43429897C0F00F53315 /* 뒤에 있는 큰 수 찾기.swift */; };
		3379B437298A5D0F00F53315 /* 다리를 지나는 트럭.swift in Sources */ = {isa = PBXBuildFile; fileRef = 3379B436298A5D0F00F53315 /* 다리를 지나는 트럭.swift */; };
		3379B439298C18F800F53315 /* 후보키.swift in Sources */ = {isa = PBXBuildFile; fileRef = 3379B438298C18F800F53315 /* 후보키.swift */; };
		3379B43B298D0E3F00F53315 /* 호텔 대실.swift in Sources */ = {isa = PBXBuildFile; fileRef = 3379B43A298D0E3F00F53315 /* 호텔 대실.swift */; };
		3379B43D298D13BC00F53315 /* 둘만의 암호.swift in Sources */ = {isa = PBXBuildFile; fileRef = 3379B43C298D13BC00F53315 /* 둘만의 암호.swift */; };
		337C3E9B296AF04D005131A8 /* 마법의 엘리베이터.swift in Sources */ = {isa = PBXBuildFile; fileRef = 337C3E9A296AF04D005131A8 /* 마법의 엘리베이터.swift */; };
		337D092D2994DA6600777D9A /* 땅따먹기.swift in Sources */ = {isa = PBXBuildFile; fileRef = 337D092C2994DA6600777D9A /* 땅따먹기.swift */; };
		3386C8C92949D6E00005EAE8 /* 튜플.swift in Sources */ = {isa = PBXBuildFile; fileRef = 3386C8C82949D6E00005EAE8 /* 튜플.swift */; };
		3388FE522964393500C61EDA /* 2016년.swift in Sources */ = {isa = PBXBuildFile; fileRef = 3388FE512964393500C61EDA /* 2016년.swift */; };
		3388FE5429643F7F00C61EDA /* 나누어 떨어지는 숫자 배열.swift in Sources */ = {isa = PBXBuildFile; fileRef = 3388FE5329643F7F00C61EDA /* 나누어 떨어지는 숫자 배열.swift */; };
		338A67AF2955BDA50060169B /* 신고 결과 받기_re.swift in Sources */ = {isa = PBXBuildFile; fileRef = 338A67AE2955BDA40060169B /* 신고 결과 받기_re.swift */; };
		338A67B129560B4D0060169B /* 점프와 순간 이동.swift in Sources */ = {isa = PBXBuildFile; fileRef = 338A67B029560B4D0060169B /* 점프와 순간 이동.swift */; };
		338BB07329B73DD000F6A70E /* 혼자서 하는 틱택토.swift in Sources */ = {isa = PBXBuildFile; fileRef = 338BB07229B73DD000F6A70E /* 혼자서 하는 틱택토.swift */; };
		338BB07529B76C2D00F6A70E /* [1차] 캐시.swift in Sources */ = {isa = PBXBuildFile; fileRef = 338BB07429B76C2D00F6A70E /* [1차] 캐시.swift */; };
		338CB6CE29A8FEDF00FF3918 /* 대충 만든 자판.swift in Sources */ = {isa = PBXBuildFile; fileRef = 338CB6CD29A8FEDF00FF3918 /* 대충 만든 자판.swift */; };
		338CB6E029ACF0F300FF3918 /* 카드 뭉치.swift in Sources */ = {isa = PBXBuildFile; fileRef = 338CB6DF29ACF0F300FF3918 /* 카드 뭉치.swift */; };
		338CB6E229ACF4A900FF3918 /* [3차] 방금그곡.swift in Sources */ = {isa = PBXBuildFile; fileRef = 338CB6E129ACF4A900FF3918 /* [3차] 방금그곡.swift */; };
		338DB32B29669940004C41B2 /* 모의고사.swift in Sources */ = {isa = PBXBuildFile; fileRef = 338DB32A29669940004C41B2 /* 모의고사.swift */; };
		3394AA442951D7AF005F521E /* 성격 유형 검사하기_re.swift in Sources */ = {isa = PBXBuildFile; fileRef = 3394AA432951D7AF005F521E /* 성격 유형 검사하기_re.swift */; };
		3399268D29C99E7500C998C2 /* 택배 배달과 수거하기.swift in Sources */ = {isa = PBXBuildFile; fileRef = 3399268C29C99E7500C998C2 /* 택배 배달과 수거하기.swift */; };
		3399268F29C9DFB700C998C2 /* 숫자 게임.swift in Sources */ = {isa = PBXBuildFile; fileRef = 3399268E29C9DFB700C998C2 /* 숫자 게임.swift */; };
		3399269229CA1B7400C998C2 /* BinaryGap.swift in Sources */ = {isa = PBXBuildFile; fileRef = 3399269129CA1B7400C998C2 /* BinaryGap.swift */; };
		3399269629CA23B100C998C2 /* CyclicRotation.swift in Sources */ = {isa = PBXBuildFile; fileRef = 3399269529CA23B100C998C2 /* CyclicRotation.swift */; };
		3399269829CA2BBB00C998C2 /* OddOccurrencesInArray.swift in Sources */ = {isa = PBXBuildFile; fileRef = 3399269729CA2BBB00C998C2 /* OddOccurrencesInArray.swift */; };
		339ED9452971819A00C232A8 /* 다트 게임.swift in Sources */ = {isa = PBXBuildFile; fileRef = 339ED9442971819A00C232A8 /* 다트 게임.swift */; };
		339ED97F2976CA4B00C232A8 /* 프렌즈4블록.swift in Sources */ = {isa = PBXBuildFile; fileRef = 339ED97E2976CA4B00C232A8 /* 프렌즈4블록.swift */; };
		33A5DAF828D9C3AB00E4EB37 /* 큰 수 만들기.swift in Sources */ = {isa = PBXBuildFile; fileRef = 33A5DAF728D9C3AB00E4EB37 /* 큰 수 만들기.swift */; };
		33AE9BCB28F58A470081D069 /* 실패율.swift in Sources */ = {isa = PBXBuildFile; fileRef = 33AE9BCA28F58A470081D069 /* 실패율.swift */; };
		33AFF4CE29CC1F6400D61BD4 /* GenomicRangeQuery.swift in Sources */ = {isa = PBXBuildFile; fileRef = 33AFF4CD29CC1F6400D61BD4 /* GenomicRangeQuery.swift */; };
		33AFF4D029CC525100D61BD4 /* MinAvgTwoSlice.swift in Sources */ = {isa = PBXBuildFile; fileRef = 33AFF4CF29CC525100D61BD4 /* MinAvgTwoSlice.swift */; };
		33AFF4D329CCBD9F00D61BD4 /* Distinct.swift in Sources */ = {isa = PBXBuildFile; fileRef = 33AFF4D229CCBD9F00D61BD4 /* Distinct.swift */; };
		33AFF4D529CCBFE500D61BD4 /* MaxProductOfThree.swift in Sources */ = {isa = PBXBuildFile; fileRef = 33AFF4D429CCBFE500D61BD4 /* MaxProductOfThree.swift */; };
		33AFF4D729CCC3FC00D61BD4 /* Triangle.swift in Sources */ = {isa = PBXBuildFile; fileRef = 33AFF4D629CCC3FC00D61BD4 /* Triangle.swift */; };
		33AFF4D929CCDC4700D61BD4 /* NumberOfDiscIntersections.swift in Sources */ = {isa = PBXBuildFile; fileRef = 33AFF4D829CCDC4700D61BD4 /* NumberOfDiscIntersections.swift */; };
		33AFF4DC29CCDEC600D61BD4 /* Brackets.swift in Sources */ = {isa = PBXBuildFile; fileRef = 33AFF4DB29CCDEC600D61BD4 /* Brackets.swift */; };
		33AFF4DE29CD872800D61BD4 /* Fish.swift in Sources */ = {isa = PBXBuildFile; fileRef = 33AFF4DD29CD872800D61BD4 /* Fish.swift */; };
		33AFF4E029CDAEEA00D61BD4 /* Nesting.swift in Sources */ = {isa = PBXBuildFile; fileRef = 33AFF4DF29CDAEEA00D61BD4 /* Nesting.swift */; };
		33AFF4E229CDB2FF00D61BD4 /* StoneWall.swift in Sources */ = {isa = PBXBuildFile; fileRef = 33AFF4E129CDB2FF00D61BD4 /* StoneWall.swift */; };
		33AFF4E529CE057100D61BD4 /* MaxNonoverlappingSegments.swift in Sources */ = {isa = PBXBuildFile; fileRef = 33AFF4E429CE057100D61BD4 /* MaxNonoverlappingSegments.swift */; };
		33AFF4E729CE102000D61BD4 /* TieRopes.swift in Sources */ = {isa = PBXBuildFile; fileRef = 33AFF4E629CE102000D61BD4 /* TieRopes.swift */; };
		33AFF4EA29CEE3F700D61BD4 /* MinMaxDivision.swift in Sources */ = {isa = PBXBuildFile; fileRef = 33AFF4E929CEE3F700D61BD4 /* MinMaxDivision.swift */; };
		33AFF4EC29CEF88500D61BD4 /* NailingPlanks.swift in Sources */ = {isa = PBXBuildFile; fileRef = 33AFF4EB29CEF88500D61BD4 /* NailingPlanks.swift */; };
		33AFF4EF29CF1D0200D61BD4 /* LongestPassword.swift in Sources */ = {isa = PBXBuildFile; fileRef = 33AFF4EE29CF1D0200D61BD4 /* LongestPassword.swift */; };
		33AFF4F129CF264800D61BD4 /* FloodDepth.swift in Sources */ = {isa = PBXBuildFile; fileRef = 33AFF4F029CF264800D61BD4 /* FloodDepth.swift */; };
		33AFF4F329CF443100D61BD4 /* TennisTournament.swift in Sources */ = {isa = PBXBuildFile; fileRef = 33AFF4F229CF443100D61BD4 /* TennisTournament.swift */; };
		33AFF4F529CF46EB00D61BD4 /* ParkingBill.swift in Sources */ = {isa = PBXBuildFile; fileRef = 33AFF4F429CF46EB00D61BD4 /* ParkingBill.swift */; };
		33AFF4F729CF4DEC00D61BD4 /* ParityDegree.swift in Sources */ = {isa = PBXBuildFile; fileRef = 33AFF4F629CF4DEC00D61BD4 /* ParityDegree.swift */; };
		33AFF4F929CF519B00D61BD4 /* ThreeLetters.swift in Sources */ = {isa = PBXBuildFile; fileRef = 33AFF4F829CF519B00D61BD4 /* ThreeLetters.swift */; };
		33AFF4FB29D015A800D61BD4 /* FirstUnique.swift in Sources */ = {isa = PBXBuildFile; fileRef = 33AFF4FA29D015A800D61BD4 /* FirstUnique.swift */; };
		33AFF4FD29D01C1F00D61BD4 /* SrtSymmetryPoint.swift in Sources */ = {isa = PBXBuildFile; fileRef = 33AFF4FC29D01C1F00D61BD4 /* SrtSymmetryPoint.swift */; };
		33AFF50629D180A800D61BD4 /* 수식 최대화.swift in Sources */ = {isa = PBXBuildFile; fileRef = 33AFF50529D180A800D61BD4 /* 수식 최대화.swift */; };
		33AFF51329D19D9000D61BD4 /* 거리두기 확인하기.swift in Sources */ = {isa = PBXBuildFile; fileRef = 33AFF51229D19D9000D61BD4 /* 거리두기 확인하기.swift */; };
		33AFF51529D2BB3D00D61BD4 /* 보석 쇼핑.swift in Sources */ = {isa = PBXBuildFile; fileRef = 33AFF51429D2BB3D00D61BD4 /* 보석 쇼핑.swift */; };
		33AFF51729D428A400D61BD4 /* 네트워크.swift in Sources */ = {isa = PBXBuildFile; fileRef = 33AFF51629D428A400D61BD4 /* 네트워크.swift */; };
		33AFF51929D43CB600D61BD4 /* 단어 변환.swift in Sources */ = {isa = PBXBuildFile; fileRef = 33AFF51829D43CB600D61BD4 /* 단어 변환.swift */; };
		33B2E7D829A3C51D00759849 /* 파일명 정렬.swift in Sources */ = {isa = PBXBuildFile; fileRef = 33B2E7D729A3C51D00759849 /* 파일명 정렬.swift */; };
		33B39B2B289C4C2D0065B484 /* 타겟 넘버.swift in Sources */ = {isa = PBXBuildFile; fileRef = 33B39B2A289C4C2D0065B484 /* 타겟 넘버.swift */; };
		33B3F5B4296474B7000C7D6F /* 두 정수 사이의 합.swift in Sources */ = {isa = PBXBuildFile; fileRef = 33B3F5B3296474B7000C7D6F /* 두 정수 사이의 합.swift */; };
		33B3F5B629647709000C7D6F /* 문자열 내 마음대로 정렬하기.swift in Sources */ = {isa = PBXBuildFile; fileRef = 33B3F5B529647709000C7D6F /* 문자열 내 마음대로 정렬하기.swift */; };
		33B3F5B829647B2B000C7D6F /* 문자열 내 p와 y의 개수.swift in Sources */ = {isa = PBXBuildFile; fileRef = 33B3F5B729647B2B000C7D6F /* 문자열 내 p와 y의 개수.swift */; };
		33B3F5BA29647EC0000C7D6F /* 문자열 내림차순으로 배치하기.swift in Sources */ = {isa = PBXBuildFile; fileRef = 33B3F5B929647EC0000C7D6F /* 문자열 내림차순으로 배치하기.swift */; };
		33B3F5BE2964835A000C7D6F /* 문자열 다루기 기본.swift in Sources */ = {isa = PBXBuildFile; fileRef = 33B3F5BD2964835A000C7D6F /* 문자열 다루기 기본.swift */; };
		33B3F5C029648752000C7D6F /* 소수 찾기.swift in Sources */ = {isa = PBXBuildFile; fileRef = 33B3F5BF29648752000C7D6F /* 소수 찾기.swift */; };
		33B3F5C2296543EA000C7D6F /* 숫자 짝꿍.swift in Sources */ = {isa = PBXBuildFile; fileRef = 33B3F5C1296543EA000C7D6F /* 숫자 짝꿍.swift */; };
		33B3F5C42965DED5000C7D6F /* 수박수박수박수박수박수?.swift in Sources */ = {isa = PBXBuildFile; fileRef = 33B3F5C32965DED5000C7D6F /* 수박수박수박수박수박수?.swift */; };
		33B3F5C62965E4A9000C7D6F /* 로또의 최고 순위와 최저 순위.swift in Sources */ = {isa = PBXBuildFile; fileRef = 33B3F5C52965E4A9000C7D6F /* 로또의 최고 순위와 최저 순위.swift */; };
		33B3F5C82965EA30000C7D6F /* 시저 암호.swift in Sources */ = {isa = PBXBuildFile; fileRef = 33B3F5C72965EA30000C7D6F /* 시저 암호.swift */; };
		33B54EA829A0872300D2BECF /* 전광판.swift in Sources */ = {isa = PBXBuildFile; fileRef = 33B54EA729A0872300D2BECF /* 전광판.swift */; };
		33B54EAA29A0873100D2BECF /* 범위 찾기.swift in Sources */ = {isa = PBXBuildFile; fileRef = 33B54EA929A0873100D2BECF /* 범위 찾기.swift */; };
		33BB13612984F5F5000E8CE5 /* n진수 게임.swift in Sources */ = {isa = PBXBuildFile; fileRef = 33BB13602984F5F5000E8CE5 /* n진수 게임.swift */; };
		33BC941729308AAE00B4DB59 /* 귤 고르기.swift in Sources */ = {isa = PBXBuildFile; fileRef = 33BC941629308AAE00B4DB59 /* 귤 고르기.swift */; };
		33C5BC15299B48050034B019 /* 영어 끝말잇기.swift in Sources */ = {isa = PBXBuildFile; fileRef = 33C5BC14299B48050034B019 /* 영어 끝말잇기.swift */; };
		33C5BC17299B86F00034B019 /* 다음 큰 숫자.swift in Sources */ = {isa = PBXBuildFile; fileRef = 33C5BC16299B86F00034B019 /* 다음 큰 숫자.swift */; };
		33C5BC19299B8E3A0034B019 /* 최솟값 만들기.swift in Sources */ = {isa = PBXBuildFile; fileRef = 33C5BC18299B8E3A0034B019 /* 최솟값 만들기.swift */; };
		33CB361D28DDEF56009BEB59 /* 메뉴 리뉴얼.swift in Sources */ = {isa = PBXBuildFile; fileRef = 33CB361C28DDEF56009BEB59 /* 메뉴 리뉴얼.swift */; };
		33CEE2B12987FB530001C661 /* 숫자 변환하기.swift in Sources */ = {isa = PBXBuildFile; fileRef = 33CEE2B02987FB530001C661 /* 숫자 변환하기.swift */; };
		33CEFA5B28DA4057007CDBBB /* 괄호 변환.swift in Sources */ = {isa = PBXBuildFile; fileRef = 33CEFA5A28DA4057007CDBBB /* 괄호 변환.swift */; };
		33DAF47C28F5A62000984D8D /* 할인행사.swift in Sources */ = {isa = PBXBuildFile; fileRef = 33DAF47B28F5A62000984D8D /* 할인행사.swift */; };
		33DFAE3C2898036B0075DD46 /* 신규 아이디 추천.swift in Sources */ = {isa = PBXBuildFile; fileRef = 33DFAE3B2898036A0075DD46 /* 신규 아이디 추천.swift */; };
		33DFAE3E28980C360075DD46 /* 키패드 누르기.swift in Sources */ = {isa = PBXBuildFile; fileRef = 33DFAE3D28980C360075DD46 /* 키패드 누르기.swift */; };
		33DFAE40289814930075DD46 /* 가운데 글자 가져오기.swift in Sources */ = {isa = PBXBuildFile; fileRef = 33DFAE3F289814930075DD46 /* 가운데 글자 가져오기.swift */; };
		33DFAE42289823800075DD46 /* 서울에서 김서방 찾기.swift in Sources */ = {isa = PBXBuildFile; fileRef = 33DFAE41289823800075DD46 /* 서울에서 김서방 찾기.swift */; };
		33DFAE44289842B00075DD46 /* 크레인 인형뽑기 게임.swift in Sources */ = {isa = PBXBuildFile; fileRef = 33DFAE43289842B00075DD46 /* 크레인 인형뽑기 게임.swift */; };
		33E101F929311C6F0038AB20 /* 위장.swift in Sources */ = {isa = PBXBuildFile; fileRef = 33E101F829311C6F0038AB20 /* 위장.swift */; };
		33E38C09289AD0D800137EF3 /* 문자열 압축.swift in Sources */ = {isa = PBXBuildFile; fileRef = 33E38C08289AD0D800137EF3 /* 문자열 압축.swift */; };
		33E9C7202970349100479C1B /* 옹알이(2).swift in Sources */ = {isa = PBXBuildFile; fileRef = 33E9C71F2970349100479C1B /* 옹알이(2).swift */; };
		33EAB73C28DB434A00560BF5 /* 주차 요금 계산.swift in Sources */ = {isa = PBXBuildFile; fileRef = 33EAB73B28DB434A00560BF5 /* 주차 요금 계산.swift */; };
		33F4A50E29967FFC00B6DD2C /* 행렬 테두리 회전하기.swift in Sources */ = {isa = PBXBuildFile; fileRef = 33F4A50D29967FFC00B6DD2C /* 행렬 테두리 회전하기.swift */; };
/* End PBXBuildFile section */

/* Begin PBXCopyFilesBuildPhase section */
		3341498A2897E853008BB719 /* CopyFiles */ = {
			isa = PBXCopyFilesBuildPhase;
			buildActionMask = 2147483647;
			dstPath = /usr/share/man/man1/;
			dstSubfolderSpec = 0;
			files = (
			);
			runOnlyForDeploymentPostprocessing = 1;
		};
/* End PBXCopyFilesBuildPhase section */

/* Begin PBXFileReference section */
		33029DB129C4A6EC003903BE /* 피보나치 수.swift */ = {isa = PBXFileReference; lastKnownFileType = sourcecode.swift; path = "피보나치 수.swift"; sourceTree = "<group>"; };
		33029DB329C85BC3003903BE /* 두 큐 합 같게 만들기.swift */ = {isa = PBXFileReference; lastKnownFileType = sourcecode.swift; path = "두 큐 합 같게 만들기.swift"; sourceTree = "<group>"; };
		330407DE28C60ABB0052EA19 /* 성격 유형 검사하기.swift */ = {isa = PBXFileReference; lastKnownFileType = sourcecode.swift; path = "성격 유형 검사하기.swift"; sourceTree = "<group>"; };
		330409CF29A7A52900B689E7 /* JadenCase 문자열 만들기.swift */ = {isa = PBXFileReference; lastKnownFileType = sourcecode.swift; path = "JadenCase 문자열 만들기.swift"; sourceTree = "<group>"; };
		3304D50929D57DFA00A88399 /* 타겟 넘버_2.swift */ = {isa = PBXFileReference; lastKnownFileType = sourcecode.swift; path = "타겟 넘버_2.swift"; sourceTree = "<group>"; };
		3304D50B29D5906F00A88399 /* [3차] 압축.swift */ = {isa = PBXFileReference; lastKnownFileType = sourcecode.swift; path = "[3차] 압축.swift"; sourceTree = "<group>"; };
		330D91E629A4E10C00E297AD /* 피로도.swift */ = {isa = PBXFileReference; lastKnownFileType = sourcecode.swift; path = "피로도.swift"; sourceTree = "<group>"; };
		330D91E929A63AEE00E297AD /* [1차] 뉴스 클러스터링.swift */ = {isa = PBXFileReference; lastKnownFileType = sourcecode.swift; path = "[1차] 뉴스 클러스터링.swift"; sourceTree = "<group>"; };
		330D91EB29A6498400E297AD /* 스킬트리.swift */ = {isa = PBXFileReference; lastKnownFileType = sourcecode.swift; path = "스킬트리.swift"; sourceTree = "<group>"; };
		3316175628DCA81D001DAACE /* 양궁대회.swift */ = {isa = PBXFileReference; lastKnownFileType = sourcecode.swift; path = "양궁대회.swift"; sourceTree = "<group>"; };
		3316175928DDDCB7001DAACE /* 순위 검색.swift */ = {isa = PBXFileReference; lastKnownFileType = sourcecode.swift; path = "순위 검색.swift"; sourceTree = "<group>"; };
		33231EC32948A1CE0094B6C2 /* 명예의 전당(1).swift */ = {isa = PBXFileReference; lastKnownFileType = sourcecode.swift; path = "명예의 전당(1).swift"; sourceTree = "<group>"; };
		33231EC52948A9C60094B6C2 /* 가장 가까운 같은 글자.swift */ = {isa = PBXFileReference; lastKnownFileType = sourcecode.swift; path = "가장 가까운 같은 글자.swift"; sourceTree = "<group>"; };
		3329C6F42937351100493B14 /* 여행 경로.swift */ = {isa = PBXFileReference; lastKnownFileType = sourcecode.swift; path = "여행 경로.swift"; sourceTree = "<group>"; };
		333166CE296D492B00AF717B /* 문자열을 정수로 바꾸기.swift */ = {isa = PBXFileReference; lastKnownFileType = sourcecode.swift; path = "문자열을 정수로 바꾸기.swift"; sourceTree = "<group>"; };
		333166D0296D4E6800AF717B /* 약수의 합.swift */ = {isa = PBXFileReference; lastKnownFileType = sourcecode.swift; path = "약수의 합.swift"; sourceTree = "<group>"; };
		333166D2296D543800AF717B /* 이상한 문자 만들기.swift */ = {isa = PBXFileReference; lastKnownFileType = sourcecode.swift; path = "이상한 문자 만들기.swift"; sourceTree = "<group>"; };
		333166D4296D5A7B00AF717B /* 자릿수 더하기.swift */ = {isa = PBXFileReference; lastKnownFileType = sourcecode.swift; path = "자릿수 더하기.swift"; sourceTree = "<group>"; };
		333166D6296D653B00AF717B /* 자연수 뒤집어 배열로 만들기.swift */ = {isa = PBXFileReference; lastKnownFileType = sourcecode.swift; path = "자연수 뒤집어 배열로 만들기.swift"; sourceTree = "<group>"; };
		333166D8296D6F3500AF717B /* 문자열 나누기.swift */ = {isa = PBXFileReference; lastKnownFileType = sourcecode.swift; path = "문자열 나누기.swift"; sourceTree = "<group>"; };
		333166DA296D942F00AF717B /* 푸드 파이트 대회.swift */ = {isa = PBXFileReference; lastKnownFileType = sourcecode.swift; path = "푸드 파이트 대회.swift"; sourceTree = "<group>"; };
		333166DC296D9B2700AF717B /* 개인정보 수집 유효기간.swift */ = {isa = PBXFileReference; lastKnownFileType = sourcecode.swift; path = "개인정보 수집 유효기간.swift"; sourceTree = "<group>"; };
		33404F32292E1F2600F285C7 /* 기사단원의 무기.swift */ = {isa = PBXFileReference; lastKnownFileType = sourcecode.swift; path = "기사단원의 무기.swift"; sourceTree = "<group>"; };
		3341498C2897E853008BB719 /* Programmers1 */ = {isa = PBXFileReference; explicitFileType = "compiled.mach-o.executable"; includeInIndex = 0; path = Programmers1; sourceTree = BUILT_PRODUCTS_DIR; };
		3341498F2897E853008BB719 /* main.swift */ = {isa = PBXFileReference; lastKnownFileType = sourcecode.swift; path = main.swift; sourceTree = "<group>"; };
		334149972897E948008BB719 /* solve.swift */ = {isa = PBXFileReference; lastKnownFileType = sourcecode.swift; path = solve.swift; sourceTree = "<group>"; };
		334149992897EA4D008BB719 /* otherSolve.swift */ = {isa = PBXFileReference; lastKnownFileType = sourcecode.swift; path = otherSolve.swift; sourceTree = "<group>"; };
		334E6FEA28DE126E00865FDD /* 양과 늑대.swift */ = {isa = PBXFileReference; lastKnownFileType = sourcecode.swift; path = "양과 늑대.swift"; sourceTree = "<group>"; };
		334E6FEC28DE326200865FDD /* 파괴되지 않은 건물.swift */ = {isa = PBXFileReference; lastKnownFileType = sourcecode.swift; path = "파괴되지 않은 건물.swift"; sourceTree = "<group>"; };
		334E6FEE28DE344700865FDD /* 신고 결과 받기.swift */ = {isa = PBXFileReference; lastKnownFileType = sourcecode.swift; path = "신고 결과 받기.swift"; sourceTree = "<group>"; };
		334F97A32940D07B00133427 /* 과일 장수.swift */ = {isa = PBXFileReference; lastKnownFileType = sourcecode.swift; path = "과일 장수.swift"; sourceTree = "<group>"; };
		3353F6D82968595000855EDA /* 비밀지도.swift */ = {isa = PBXFileReference; lastKnownFileType = sourcecode.swift; path = "비밀지도.swift"; sourceTree = "<group>"; };
		3357F0B9297833F9008D6C10 /* 나머지가 1이 되는 수 찾기.swift */ = {isa = PBXFileReference; lastKnownFileType = sourcecode.swift; path = "나머지가 1이 되는 수 찾기.swift"; sourceTree = "<group>"; };
		3357F0BB29783A53008D6C10 /* 정수 내림차순으로 배치하기.swift */ = {isa = PBXFileReference; lastKnownFileType = sourcecode.swift; path = "정수 내림차순으로 배치하기.swift"; sourceTree = "<group>"; };
		3357F0BD29785559008D6C10 /* 제일 작은 수 제거하기.swift */ = {isa = PBXFileReference; lastKnownFileType = sourcecode.swift; path = "제일 작은 수 제거하기.swift"; sourceTree = "<group>"; };
		3357F0BF29785870008D6C10 /* 정수 제곱근 판별.swift */ = {isa = PBXFileReference; lastKnownFileType = sourcecode.swift; path = "정수 제곱근 판별.swift"; sourceTree = "<group>"; };
		3357F0C129785B13008D6C10 /* 짝수와 홀수.swift */ = {isa = PBXFileReference; lastKnownFileType = sourcecode.swift; path = "짝수와 홀수.swift"; sourceTree = "<group>"; };
		3357F0C329785C20008D6C10 /* 평균 구하기.swift */ = {isa = PBXFileReference; lastKnownFileType = sourcecode.swift; path = "평균 구하기.swift"; sourceTree = "<group>"; };
		3357F0C529785D9C008D6C10 /* 핸드폰 번호 가리기.swift */ = {isa = PBXFileReference; lastKnownFileType = sourcecode.swift; path = "핸드폰 번호 가리기.swift"; sourceTree = "<group>"; };
		3357F0C72978616C008D6C10 /* x만큼 간격이 있는 n개의 숫자.swift */ = {isa = PBXFileReference; lastKnownFileType = sourcecode.swift; path = "x만큼 간격이 있는 n개의 숫자.swift"; sourceTree = "<group>"; };
		3357F0C929797A9F008D6C10 /* 이모티콘 할인행사.swift */ = {isa = PBXFileReference; lastKnownFileType = sourcecode.swift; path = "이모티콘 할인행사.swift"; sourceTree = "<group>"; };
		3357F0CB29798C68008D6C10 /* 음양 더하기.swift */ = {isa = PBXFileReference; lastKnownFileType = sourcecode.swift; path = "음양 더하기.swift"; sourceTree = "<group>"; };
		3357F0CD297990F9008D6C10 /* 콜라츠 추측.swift */ = {isa = PBXFileReference; lastKnownFileType = sourcecode.swift; path = "콜라츠 추측.swift"; sourceTree = "<group>"; };
		3357F0CF2979970F008D6C10 /* 하샤드 수.swift */ = {isa = PBXFileReference; lastKnownFileType = sourcecode.swift; path = "하샤드 수.swift"; sourceTree = "<group>"; };
		3357F0D129799B80008D6C10 /* 예산.swift */ = {isa = PBXFileReference; lastKnownFileType = sourcecode.swift; path = "예산.swift"; sourceTree = "<group>"; };
		3357F0D3297BC9E0008D6C10 /* 부족한 금액 계산하기.swift */ = {isa = PBXFileReference; lastKnownFileType = sourcecode.swift; path = "부족한 금액 계산하기.swift"; sourceTree = "<group>"; };
		3357F0D5297BCD6D008D6C10 /* 최대공약수와 최소공배수.swift */ = {isa = PBXFileReference; lastKnownFileType = sourcecode.swift; path = "최대공약수와 최소공배수.swift"; sourceTree = "<group>"; };
		3357F0D7297EBCFB008D6C10 /* 내적.swift */ = {isa = PBXFileReference; lastKnownFileType = sourcecode.swift; path = "내적.swift"; sourceTree = "<group>"; };
		3357F0D9298024B0008D6C10 /* 행렬의 덧셈.swift */ = {isa = PBXFileReference; lastKnownFileType = sourcecode.swift; path = "행렬의 덧셈.swift"; sourceTree = "<group>"; };
		3359057229CADE2A009BD501 /* FrogJmp.swift */ = {isa = PBXFileReference; lastKnownFileType = sourcecode.swift; path = FrogJmp.swift; sourceTree = "<group>"; };
		3359057429CAE27A009BD501 /* PermMissingElem.swift */ = {isa = PBXFileReference; lastKnownFileType = sourcecode.swift; path = PermMissingElem.swift; sourceTree = "<group>"; };
		3359057629CAE7A4009BD501 /* TapeEquilibrium.swift */ = {isa = PBXFileReference; lastKnownFileType = sourcecode.swift; path = TapeEquilibrium.swift; sourceTree = "<group>"; };
		3359057929CAFCB2009BD501 /* FrogRiverOne.swift */ = {isa = PBXFileReference; lastKnownFileType = sourcecode.swift; path = FrogRiverOne.swift; sourceTree = "<group>"; };
		3359057B29CB080F009BD501 /* PermCheck.swift */ = {isa = PBXFileReference; lastKnownFileType = sourcecode.swift; path = PermCheck.swift; sourceTree = "<group>"; };
		3359057D29CB0C48009BD501 /* MaxCounters.swift */ = {isa = PBXFileReference; lastKnownFileType = sourcecode.swift; path = MaxCounters.swift; sourceTree = "<group>"; };
		3359057F29CB66F6009BD501 /* MissingInteger.swift */ = {isa = PBXFileReference; lastKnownFileType = sourcecode.swift; path = MissingInteger.swift; sourceTree = "<group>"; };
		3359058229CB6D9B009BD501 /* PassingCars.swift */ = {isa = PBXFileReference; lastKnownFileType = sourcecode.swift; path = PassingCars.swift; sourceTree = "<group>"; };
		3359058429CB7273009BD501 /* CountDiv.swift */ = {isa = PBXFileReference; lastKnownFileType = sourcecode.swift; path = CountDiv.swift; sourceTree = "<group>"; };
		3359E0F8298123980023A382 /* 전력망을 둘로 나누기.swift */ = {isa = PBXFileReference; lastKnownFileType = sourcecode.swift; path = "전력망을 둘로 나누기.swift"; sourceTree = "<group>"; };
		3359E0FA298270220023A382 /* 직사각형 별찍기.swift */ = {isa = PBXFileReference; lastKnownFileType = sourcecode.swift; path = "직사각형 별찍기.swift"; sourceTree = "<group>"; };
		3359E0FC298276D10023A382 /* 약수의 개수와 덧셈.swift */ = {isa = PBXFileReference; lastKnownFileType = sourcecode.swift; path = "약수의 개수와 덧셈.swift"; sourceTree = "<group>"; };
		3359E0FE298285460023A382 /* 3진법 뒤집기.swift */ = {isa = PBXFileReference; lastKnownFileType = sourcecode.swift; path = "3진법 뒤집기.swift"; sourceTree = "<group>"; };
		3359E1002982ADE40023A382 /* K번째 수.swift */ = {isa = PBXFileReference; lastKnownFileType = sourcecode.swift; path = "K번째 수.swift"; sourceTree = "<group>"; };
		3359E1022982DCF80023A382 /* 두 개 뽑아서 더하기.swift */ = {isa = PBXFileReference; lastKnownFileType = sourcecode.swift; path = "두 개 뽑아서 더하기.swift"; sourceTree = "<group>"; };
		3359E104298313400023A382 /* 콜라 문제.swift */ = {isa = PBXFileReference; lastKnownFileType = sourcecode.swift; path = "콜라 문제.swift"; sourceTree = "<group>"; };
		3359E1062983C6F90023A382 /* 최소직사각형.swift */ = {isa = PBXFileReference; lastKnownFileType = sourcecode.swift; path = "최소직사각형.swift"; sourceTree = "<group>"; };
		3359E1082983D0670023A382 /* 삼총사.swift */ = {isa = PBXFileReference; lastKnownFileType = sourcecode.swift; path = "삼총사.swift"; sourceTree = "<group>"; };
		3359E10A2983ECA00023A382 /* 무인도 여행.swift */ = {isa = PBXFileReference; lastKnownFileType = sourcecode.swift; path = "무인도 여행.swift"; sourceTree = "<group>"; };
		335F5111296EA4DB0068C5C7 /* 햄버거 만들기.swift */ = {isa = PBXFileReference; lastKnownFileType = sourcecode.swift; path = "햄버거 만들기.swift"; sourceTree = "<group>"; };
		336260F129B4A1FF00B6CF9D /* 바탕화면 정리.swift */ = {isa = PBXFileReference; lastKnownFileType = sourcecode.swift; path = "바탕화면 정리.swift"; sourceTree = "<group>"; };
		3379B43429897C0F00F53315 /* 뒤에 있는 큰 수 찾기.swift */ = {isa = PBXFileReference; lastKnownFileType = sourcecode.swift; path = "뒤에 있는 큰 수 찾기.swift"; sourceTree = "<group>"; };
		3379B436298A5D0F00F53315 /* 다리를 지나는 트럭.swift */ = {isa = PBXFileReference; lastKnownFileType = sourcecode.swift; path = "다리를 지나는 트럭.swift"; sourceTree = "<group>"; };
		3379B438298C18F800F53315 /* 후보키.swift */ = {isa = PBXFileReference; lastKnownFileType = sourcecode.swift; path = "후보키.swift"; sourceTree = "<group>"; };
		3379B43A298D0E3F00F53315 /* 호텔 대실.swift */ = {isa = PBXFileReference; lastKnownFileType = sourcecode.swift; path = "호텔 대실.swift"; sourceTree = "<group>"; };
		3379B43C298D13BC00F53315 /* 둘만의 암호.swift */ = {isa = PBXFileReference; lastKnownFileType = sourcecode.swift; path = "둘만의 암호.swift"; sourceTree = "<group>"; };
		337C3E9A296AF04D005131A8 /* 마법의 엘리베이터.swift */ = {isa = PBXFileReference; lastKnownFileType = sourcecode.swift; path = "마법의 엘리베이터.swift"; sourceTree = "<group>"; };
		337D092C2994DA6600777D9A /* 땅따먹기.swift */ = {isa = PBXFileReference; lastKnownFileType = sourcecode.swift; path = "땅따먹기.swift"; sourceTree = "<group>"; };
		3386C8C82949D6E00005EAE8 /* 튜플.swift */ = {isa = PBXFileReference; lastKnownFileType = sourcecode.swift; path = "튜플.swift"; sourceTree = "<group>"; };
		3388FE512964393500C61EDA /* 2016년.swift */ = {isa = PBXFileReference; lastKnownFileType = sourcecode.swift; path = "2016년.swift"; sourceTree = "<group>"; };
		3388FE5329643F7F00C61EDA /* 나누어 떨어지는 숫자 배열.swift */ = {isa = PBXFileReference; lastKnownFileType = sourcecode.swift; path = "나누어 떨어지는 숫자 배열.swift"; sourceTree = "<group>"; };
		338A67AE2955BDA40060169B /* 신고 결과 받기_re.swift */ = {isa = PBXFileReference; lastKnownFileType = sourcecode.swift; path = "신고 결과 받기_re.swift"; sourceTree = "<group>"; };
		338A67B029560B4D0060169B /* 점프와 순간 이동.swift */ = {isa = PBXFileReference; lastKnownFileType = sourcecode.swift; path = "점프와 순간 이동.swift"; sourceTree = "<group>"; };
		338BB07229B73DD000F6A70E /* 혼자서 하는 틱택토.swift */ = {isa = PBXFileReference; lastKnownFileType = sourcecode.swift; path = "혼자서 하는 틱택토.swift"; sourceTree = "<group>"; };
		338BB07429B76C2D00F6A70E /* [1차] 캐시.swift */ = {isa = PBXFileReference; lastKnownFileType = sourcecode.swift; path = "[1차] 캐시.swift"; sourceTree = "<group>"; };
		338CB6CD29A8FEDF00FF3918 /* 대충 만든 자판.swift */ = {isa = PBXFileReference; lastKnownFileType = sourcecode.swift; path = "대충 만든 자판.swift"; sourceTree = "<group>"; };
		338CB6DF29ACF0F300FF3918 /* 카드 뭉치.swift */ = {isa = PBXFileReference; lastKnownFileType = sourcecode.swift; path = "카드 뭉치.swift"; sourceTree = "<group>"; };
		338CB6E129ACF4A900FF3918 /* [3차] 방금그곡.swift */ = {isa = PBXFileReference; lastKnownFileType = sourcecode.swift; path = "[3차] 방금그곡.swift"; sourceTree = "<group>"; };
		338DB32A29669940004C41B2 /* 모의고사.swift */ = {isa = PBXFileReference; lastKnownFileType = sourcecode.swift; path = "모의고사.swift"; sourceTree = "<group>"; };
		3394AA432951D7AF005F521E /* 성격 유형 검사하기_re.swift */ = {isa = PBXFileReference; lastKnownFileType = sourcecode.swift; path = "성격 유형 검사하기_re.swift"; sourceTree = "<group>"; };
		3399268C29C99E7500C998C2 /* 택배 배달과 수거하기.swift */ = {isa = PBXFileReference; lastKnownFileType = sourcecode.swift; path = "택배 배달과 수거하기.swift"; sourceTree = "<group>"; };
		3399268E29C9DFB700C998C2 /* 숫자 게임.swift */ = {isa = PBXFileReference; lastKnownFileType = sourcecode.swift; path = "숫자 게임.swift"; sourceTree = "<group>"; };
		3399269129CA1B7400C998C2 /* BinaryGap.swift */ = {isa = PBXFileReference; lastKnownFileType = sourcecode.swift; path = BinaryGap.swift; sourceTree = "<group>"; };
		3399269529CA23B100C998C2 /* CyclicRotation.swift */ = {isa = PBXFileReference; lastKnownFileType = sourcecode.swift; path = CyclicRotation.swift; sourceTree = "<group>"; };
		3399269729CA2BBB00C998C2 /* OddOccurrencesInArray.swift */ = {isa = PBXFileReference; lastKnownFileType = sourcecode.swift; path = OddOccurrencesInArray.swift; sourceTree = "<group>"; };
		339ED9442971819A00C232A8 /* 다트 게임.swift */ = {isa = PBXFileReference; lastKnownFileType = sourcecode.swift; path = "다트 게임.swift"; sourceTree = "<group>"; };
		339ED97E2976CA4B00C232A8 /* 프렌즈4블록.swift */ = {isa = PBXFileReference; lastKnownFileType = sourcecode.swift; path = "프렌즈4블록.swift"; sourceTree = "<group>"; };
		33A5DAF728D9C3AB00E4EB37 /* 큰 수 만들기.swift */ = {isa = PBXFileReference; lastKnownFileType = sourcecode.swift; path = "큰 수 만들기.swift"; sourceTree = "<group>"; };
		33AE9BCA28F58A470081D069 /* 실패율.swift */ = {isa = PBXFileReference; lastKnownFileType = sourcecode.swift; path = "실패율.swift"; sourceTree = "<group>"; };
		33AFF4CD29CC1F6400D61BD4 /* GenomicRangeQuery.swift */ = {isa = PBXFileReference; lastKnownFileType = sourcecode.swift; path = GenomicRangeQuery.swift; sourceTree = "<group>"; };
		33AFF4CF29CC525100D61BD4 /* MinAvgTwoSlice.swift */ = {isa = PBXFileReference; lastKnownFileType = sourcecode.swift; path = MinAvgTwoSlice.swift; sourceTree = "<group>"; };
		33AFF4D229CCBD9F00D61BD4 /* Distinct.swift */ = {isa = PBXFileReference; lastKnownFileType = sourcecode.swift; path = Distinct.swift; sourceTree = "<group>"; };
		33AFF4D429CCBFE500D61BD4 /* MaxProductOfThree.swift */ = {isa = PBXFileReference; lastKnownFileType = sourcecode.swift; path = MaxProductOfThree.swift; sourceTree = "<group>"; };
		33AFF4D629CCC3FC00D61BD4 /* Triangle.swift */ = {isa = PBXFileReference; lastKnownFileType = sourcecode.swift; path = Triangle.swift; sourceTree = "<group>"; };
		33AFF4D829CCDC4700D61BD4 /* NumberOfDiscIntersections.swift */ = {isa = PBXFileReference; lastKnownFileType = sourcecode.swift; path = NumberOfDiscIntersections.swift; sourceTree = "<group>"; };
		33AFF4DB29CCDEC600D61BD4 /* Brackets.swift */ = {isa = PBXFileReference; lastKnownFileType = sourcecode.swift; path = Brackets.swift; sourceTree = "<group>"; };
		33AFF4DD29CD872800D61BD4 /* Fish.swift */ = {isa = PBXFileReference; lastKnownFileType = sourcecode.swift; path = Fish.swift; sourceTree = "<group>"; };
		33AFF4DF29CDAEEA00D61BD4 /* Nesting.swift */ = {isa = PBXFileReference; lastKnownFileType = sourcecode.swift; path = Nesting.swift; sourceTree = "<group>"; };
		33AFF4E129CDB2FF00D61BD4 /* StoneWall.swift */ = {isa = PBXFileReference; lastKnownFileType = sourcecode.swift; path = StoneWall.swift; sourceTree = "<group>"; };
		33AFF4E429CE057100D61BD4 /* MaxNonoverlappingSegments.swift */ = {isa = PBXFileReference; lastKnownFileType = sourcecode.swift; path = MaxNonoverlappingSegments.swift; sourceTree = "<group>"; };
		33AFF4E629CE102000D61BD4 /* TieRopes.swift */ = {isa = PBXFileReference; lastKnownFileType = sourcecode.swift; path = TieRopes.swift; sourceTree = "<group>"; };
		33AFF4E929CEE3F700D61BD4 /* MinMaxDivision.swift */ = {isa = PBXFileReference; lastKnownFileType = sourcecode.swift; path = MinMaxDivision.swift; sourceTree = "<group>"; };
		33AFF4EB29CEF88500D61BD4 /* NailingPlanks.swift */ = {isa = PBXFileReference; lastKnownFileType = sourcecode.swift; path = NailingPlanks.swift; sourceTree = "<group>"; };
		33AFF4EE29CF1D0200D61BD4 /* LongestPassword.swift */ = {isa = PBXFileReference; lastKnownFileType = sourcecode.swift; path = LongestPassword.swift; sourceTree = "<group>"; };
		33AFF4F029CF264800D61BD4 /* FloodDepth.swift */ = {isa = PBXFileReference; lastKnownFileType = sourcecode.swift; path = FloodDepth.swift; sourceTree = "<group>"; };
		33AFF4F229CF443100D61BD4 /* TennisTournament.swift */ = {isa = PBXFileReference; lastKnownFileType = sourcecode.swift; path = TennisTournament.swift; sourceTree = "<group>"; };
		33AFF4F429CF46EB00D61BD4 /* ParkingBill.swift */ = {isa = PBXFileReference; lastKnownFileType = sourcecode.swift; path = ParkingBill.swift; sourceTree = "<group>"; };
		33AFF4F629CF4DEC00D61BD4 /* ParityDegree.swift */ = {isa = PBXFileReference; lastKnownFileType = sourcecode.swift; path = ParityDegree.swift; sourceTree = "<group>"; };
		33AFF4F829CF519B00D61BD4 /* ThreeLetters.swift */ = {isa = PBXFileReference; lastKnownFileType = sourcecode.swift; path = ThreeLetters.swift; sourceTree = "<group>"; };
		33AFF4FA29D015A800D61BD4 /* FirstUnique.swift */ = {isa = PBXFileReference; lastKnownFileType = sourcecode.swift; path = FirstUnique.swift; sourceTree = "<group>"; };
		33AFF4FC29D01C1F00D61BD4 /* SrtSymmetryPoint.swift */ = {isa = PBXFileReference; lastKnownFileType = sourcecode.swift; path = SrtSymmetryPoint.swift; sourceTree = "<group>"; };
		33AFF50529D180A800D61BD4 /* 수식 최대화.swift */ = {isa = PBXFileReference; lastKnownFileType = sourcecode.swift; path = "수식 최대화.swift"; sourceTree = "<group>"; };
		33AFF51229D19D9000D61BD4 /* 거리두기 확인하기.swift */ = {isa = PBXFileReference; lastKnownFileType = sourcecode.swift; path = "거리두기 확인하기.swift"; sourceTree = "<group>"; };
		33AFF51429D2BB3D00D61BD4 /* 보석 쇼핑.swift */ = {isa = PBXFileReference; lastKnownFileType = sourcecode.swift; path = "보석 쇼핑.swift"; sourceTree = "<group>"; };
		33AFF51629D428A400D61BD4 /* 네트워크.swift */ = {isa = PBXFileReference; lastKnownFileType = sourcecode.swift; path = "네트워크.swift"; sourceTree = "<group>"; };
		33AFF51829D43CB600D61BD4 /* 단어 변환.swift */ = {isa = PBXFileReference; lastKnownFileType = sourcecode.swift; path = "단어 변환.swift"; sourceTree = "<group>"; };
		33B2E7D729A3C51D00759849 /* 파일명 정렬.swift */ = {isa = PBXFileReference; lastKnownFileType = sourcecode.swift; path = "파일명 정렬.swift"; sourceTree = "<group>"; };
		33B39B2A289C4C2D0065B484 /* 타겟 넘버.swift */ = {isa = PBXFileReference; lastKnownFileType = sourcecode.swift; path = "타겟 넘버.swift"; sourceTree = "<group>"; };
		33B3F5B3296474B7000C7D6F /* 두 정수 사이의 합.swift */ = {isa = PBXFileReference; lastKnownFileType = sourcecode.swift; path = "두 정수 사이의 합.swift"; sourceTree = "<group>"; };
		33B3F5B529647709000C7D6F /* 문자열 내 마음대로 정렬하기.swift */ = {isa = PBXFileReference; lastKnownFileType = sourcecode.swift; path = "문자열 내 마음대로 정렬하기.swift"; sourceTree = "<group>"; };
		33B3F5B729647B2B000C7D6F /* 문자열 내 p와 y의 개수.swift */ = {isa = PBXFileReference; lastKnownFileType = sourcecode.swift; path = "문자열 내 p와 y의 개수.swift"; sourceTree = "<group>"; };
		33B3F5B929647EC0000C7D6F /* 문자열 내림차순으로 배치하기.swift */ = {isa = PBXFileReference; lastKnownFileType = sourcecode.swift; path = "문자열 내림차순으로 배치하기.swift"; sourceTree = "<group>"; };
		33B3F5BD2964835A000C7D6F /* 문자열 다루기 기본.swift */ = {isa = PBXFileReference; lastKnownFileType = sourcecode.swift; path = "문자열 다루기 기본.swift"; sourceTree = "<group>"; };
		33B3F5BF29648752000C7D6F /* 소수 찾기.swift */ = {isa = PBXFileReference; lastKnownFileType = sourcecode.swift; path = "소수 찾기.swift"; sourceTree = "<group>"; };
		33B3F5C1296543EA000C7D6F /* 숫자 짝꿍.swift */ = {isa = PBXFileReference; lastKnownFileType = sourcecode.swift; path = "숫자 짝꿍.swift"; sourceTree = "<group>"; };
		33B3F5C32965DED5000C7D6F /* 수박수박수박수박수박수?.swift */ = {isa = PBXFileReference; lastKnownFileType = sourcecode.swift; path = "수박수박수박수박수박수?.swift"; sourceTree = "<group>"; };
		33B3F5C52965E4A9000C7D6F /* 로또의 최고 순위와 최저 순위.swift */ = {isa = PBXFileReference; lastKnownFileType = sourcecode.swift; path = "로또의 최고 순위와 최저 순위.swift"; sourceTree = "<group>"; };
		33B3F5C72965EA30000C7D6F /* 시저 암호.swift */ = {isa = PBXFileReference; lastKnownFileType = sourcecode.swift; path = "시저 암호.swift"; sourceTree = "<group>"; };
		33B54EA729A0872300D2BECF /* 전광판.swift */ = {isa = PBXFileReference; fileEncoding = 4; lastKnownFileType = sourcecode.swift; path = "전광판.swift"; sourceTree = "<group>"; };
		33B54EA929A0873100D2BECF /* 범위 찾기.swift */ = {isa = PBXFileReference; lastKnownFileType = sourcecode.swift; path = "범위 찾기.swift"; sourceTree = "<group>"; };
		33BB13602984F5F5000E8CE5 /* n진수 게임.swift */ = {isa = PBXFileReference; lastKnownFileType = sourcecode.swift; path = "n진수 게임.swift"; sourceTree = "<group>"; };
		33BC941629308AAE00B4DB59 /* 귤 고르기.swift */ = {isa = PBXFileReference; lastKnownFileType = sourcecode.swift; path = "귤 고르기.swift"; sourceTree = "<group>"; };
		33C5BC14299B48050034B019 /* 영어 끝말잇기.swift */ = {isa = PBXFileReference; lastKnownFileType = sourcecode.swift; path = "영어 끝말잇기.swift"; sourceTree = "<group>"; };
		33C5BC16299B86F00034B019 /* 다음 큰 숫자.swift */ = {isa = PBXFileReference; lastKnownFileType = sourcecode.swift; path = "다음 큰 숫자.swift"; sourceTree = "<group>"; };
		33C5BC18299B8E3A0034B019 /* 최솟값 만들기.swift */ = {isa = PBXFileReference; lastKnownFileType = sourcecode.swift; path = "최솟값 만들기.swift"; sourceTree = "<group>"; };
		33CB361C28DDEF56009BEB59 /* 메뉴 리뉴얼.swift */ = {isa = PBXFileReference; lastKnownFileType = sourcecode.swift; path = "메뉴 리뉴얼.swift"; sourceTree = "<group>"; };
		33CEE2B02987FB530001C661 /* 숫자 변환하기.swift */ = {isa = PBXFileReference; lastKnownFileType = sourcecode.swift; path = "숫자 변환하기.swift"; sourceTree = "<group>"; };
		33CEFA5A28DA4057007CDBBB /* 괄호 변환.swift */ = {isa = PBXFileReference; lastKnownFileType = sourcecode.swift; path = "괄호 변환.swift"; sourceTree = "<group>"; };
		33DAF47B28F5A62000984D8D /* 할인행사.swift */ = {isa = PBXFileReference; lastKnownFileType = sourcecode.swift; path = "할인행사.swift"; sourceTree = "<group>"; };
		33DFAE3B2898036A0075DD46 /* 신규 아이디 추천.swift */ = {isa = PBXFileReference; lastKnownFileType = sourcecode.swift; path = "신규 아이디 추천.swift"; sourceTree = "<group>"; };
		33DFAE3D28980C360075DD46 /* 키패드 누르기.swift */ = {isa = PBXFileReference; lastKnownFileType = sourcecode.swift; path = "키패드 누르기.swift"; sourceTree = "<group>"; };
		33DFAE3F289814930075DD46 /* 가운데 글자 가져오기.swift */ = {isa = PBXFileReference; lastKnownFileType = sourcecode.swift; path = "가운데 글자 가져오기.swift"; sourceTree = "<group>"; };
		33DFAE41289823800075DD46 /* 서울에서 김서방 찾기.swift */ = {isa = PBXFileReference; lastKnownFileType = sourcecode.swift; path = "서울에서 김서방 찾기.swift"; sourceTree = "<group>"; };
		33DFAE43289842B00075DD46 /* 크레인 인형뽑기 게임.swift */ = {isa = PBXFileReference; lastKnownFileType = sourcecode.swift; path = "크레인 인형뽑기 게임.swift"; sourceTree = "<group>"; };
		33E101F829311C6F0038AB20 /* 위장.swift */ = {isa = PBXFileReference; lastKnownFileType = sourcecode.swift; path = "위장.swift"; sourceTree = "<group>"; };
		33E38C08289AD0D800137EF3 /* 문자열 압축.swift */ = {isa = PBXFileReference; lastKnownFileType = sourcecode.swift; path = "문자열 압축.swift"; sourceTree = "<group>"; };
		33E9C71F2970349100479C1B /* 옹알이(2).swift */ = {isa = PBXFileReference; lastKnownFileType = sourcecode.swift; path = "옹알이(2).swift"; sourceTree = "<group>"; };
		33EAB73B28DB434A00560BF5 /* 주차 요금 계산.swift */ = {isa = PBXFileReference; lastKnownFileType = sourcecode.swift; path = "주차 요금 계산.swift"; sourceTree = "<group>"; };
		33F4A50D29967FFC00B6DD2C /* 행렬 테두리 회전하기.swift */ = {isa = PBXFileReference; lastKnownFileType = sourcecode.swift; path = "행렬 테두리 회전하기.swift"; sourceTree = "<group>"; };
/* End PBXFileReference section */

/* Begin PBXFrameworksBuildPhase section */
		334149892897E853008BB719 /* Frameworks */ = {
			isa = PBXFrameworksBuildPhase;
			buildActionMask = 2147483647;
			files = (
			);
			runOnlyForDeploymentPostprocessing = 0;
		};
/* End PBXFrameworksBuildPhase section */

/* Begin PBXGroup section */
		334149832897E852008BB719 = {
			isa = PBXGroup;
			children = (
				3341498F2897E853008BB719 /* main.swift */,
				3399269029CA1B4500C998C2 /* Codility */,
				33B54EA629A0872300D2BECF /* Softeer */,
				3341498E2897E853008BB719 /* Programmers */,
				3341498D2897E853008BB719 /* Products */,
				33AFF51129D1993800D61BD4 /* Recovered References */,
			);
			sourceTree = "<group>";
		};
		3341498D2897E853008BB719 /* Products */ = {
			isa = PBXGroup;
			children = (
				3341498C2897E853008BB719 /* Programmers1 */,
			);
			name = Products;
			sourceTree = "<group>";
		};
		3341498E2897E853008BB719 /* Programmers */ = {
			isa = PBXGroup;
			children = (
				33E38C06289ACE9400137EF3 /* level1 */,
				33E38C07289ACEA600137EF3 /* level2 */,
				334E6FE928DE126400865FDD /* level3 */,
			);
			path = Programmers;
			sourceTree = "<group>";
		};
		334149962897E910008BB719 /* 7-NoneNumberPlus */ = {
			isa = PBXGroup;
			children = (
				334149972897E948008BB719 /* solve.swift */,
				334149992897EA4D008BB719 /* otherSolve.swift */,
			);
			path = "7-NoneNumberPlus";
			sourceTree = "<group>";
		};
		334E6FE928DE126400865FDD /* level3 */ = {
			isa = PBXGroup;
			children = (
				334E6FEA28DE126E00865FDD /* 양과 늑대.swift */,
				334E6FEC28DE326200865FDD /* 파괴되지 않은 건물.swift */,
				3329C6F42937351100493B14 /* 여행 경로.swift */,
				3399268E29C9DFB700C998C2 /* 숫자 게임.swift */,
				33AFF51429D2BB3D00D61BD4 /* 보석 쇼핑.swift */,
				33AFF51629D428A400D61BD4 /* 네트워크.swift */,
				33AFF51829D43CB600D61BD4 /* 단어 변환.swift */,
			);
			path = level3;
			sourceTree = "<group>";
		};
		3359057129CADE1E009BD501 /* Time Complexity */ = {
			isa = PBXGroup;
			children = (
				3359057229CADE2A009BD501 /* FrogJmp.swift */,
				3359057429CAE27A009BD501 /* PermMissingElem.swift */,
				3359057629CAE7A4009BD501 /* TapeEquilibrium.swift */,
			);
			path = "Time Complexity";
			sourceTree = "<group>";
		};
		3359057829CAFC9B009BD501 /* Counting Elements */ = {
			isa = PBXGroup;
			children = (
				3359057929CAFCB2009BD501 /* FrogRiverOne.swift */,
				3359057B29CB080F009BD501 /* PermCheck.swift */,
				3359057D29CB0C48009BD501 /* MaxCounters.swift */,
				3359057F29CB66F6009BD501 /* MissingInteger.swift */,
			);
			path = "Counting Elements";
			sourceTree = "<group>";
		};
		3359058129CB6D92009BD501 /* Prefix Sums */ = {
			isa = PBXGroup;
			children = (
				3359058229CB6D9B009BD501 /* PassingCars.swift */,
				3359058429CB7273009BD501 /* CountDiv.swift */,
				33AFF4CD29CC1F6400D61BD4 /* GenomicRangeQuery.swift */,
				33AFF4CF29CC525100D61BD4 /* MinAvgTwoSlice.swift */,
			);
			path = "Prefix Sums";
			sourceTree = "<group>";
		};
		3399269029CA1B4500C998C2 /* Codility */ = {
			isa = PBXGroup;
			children = (
				33AFF4ED29CF1CE500D61BD4 /* Exercise */,
				33AFF4E829CEE3EC00D61BD4 /* Binary search algorithm */,
				33AFF4E329CE056400D61BD4 /* Greedy Algorithms */,
				33AFF4DA29CCDEB900D61BD4 /* Stacks and Queues */,
				33AFF4D129CCBD9700D61BD4 /* Sorting */,
				3359058129CB6D92009BD501 /* Prefix Sums */,
				3359057829CAFC9B009BD501 /* Counting Elements */,
				3359057129CADE1E009BD501 /* Time Complexity */,
				3399269429CA23A500C998C2 /* Array */,
				3399269329CA1B7A00C998C2 /* Iterations */,
			);
			path = Codility;
			sourceTree = "<group>";
		};
		3399269329CA1B7A00C998C2 /* Iterations */ = {
			isa = PBXGroup;
			children = (
				3399269129CA1B7400C998C2 /* BinaryGap.swift */,
			);
			path = Iterations;
			sourceTree = "<group>";
		};
		3399269429CA23A500C998C2 /* Array */ = {
			isa = PBXGroup;
			children = (
				3399269529CA23B100C998C2 /* CyclicRotation.swift */,
				3399269729CA2BBB00C998C2 /* OddOccurrencesInArray.swift */,
			);
			path = Array;
			sourceTree = "<group>";
		};
		33AFF4D129CCBD9700D61BD4 /* Sorting */ = {
			isa = PBXGroup;
			children = (
				33AFF4D229CCBD9F00D61BD4 /* Distinct.swift */,
				33AFF4D429CCBFE500D61BD4 /* MaxProductOfThree.swift */,
				33AFF4D629CCC3FC00D61BD4 /* Triangle.swift */,
				33AFF4D829CCDC4700D61BD4 /* NumberOfDiscIntersections.swift */,
			);
			path = Sorting;
			sourceTree = "<group>";
		};
		33AFF4DA29CCDEB900D61BD4 /* Stacks and Queues */ = {
			isa = PBXGroup;
			children = (
				33AFF4DB29CCDEC600D61BD4 /* Brackets.swift */,
				33AFF4DD29CD872800D61BD4 /* Fish.swift */,
				33AFF4DF29CDAEEA00D61BD4 /* Nesting.swift */,
				33AFF4E129CDB2FF00D61BD4 /* StoneWall.swift */,
			);
			path = "Stacks and Queues";
			sourceTree = "<group>";
		};
		33AFF4E329CE056400D61BD4 /* Greedy Algorithms */ = {
			isa = PBXGroup;
			children = (
				33AFF4E429CE057100D61BD4 /* MaxNonoverlappingSegments.swift */,
				33AFF4E629CE102000D61BD4 /* TieRopes.swift */,
			);
			path = "Greedy Algorithms";
			sourceTree = "<group>";
		};
		33AFF4E829CEE3EC00D61BD4 /* Binary search algorithm */ = {
			isa = PBXGroup;
			children = (
				33AFF4E929CEE3F700D61BD4 /* MinMaxDivision.swift */,
				33AFF4EB29CEF88500D61BD4 /* NailingPlanks.swift */,
			);
			path = "Binary search algorithm";
			sourceTree = "<group>";
		};
		33AFF4ED29CF1CE500D61BD4 /* Exercise */ = {
			isa = PBXGroup;
			children = (
				33AFF4EE29CF1D0200D61BD4 /* LongestPassword.swift */,
				33AFF4F029CF264800D61BD4 /* FloodDepth.swift */,
				33AFF4F229CF443100D61BD4 /* TennisTournament.swift */,
				33AFF4F429CF46EB00D61BD4 /* ParkingBill.swift */,
				33AFF4F629CF4DEC00D61BD4 /* ParityDegree.swift */,
				33AFF4F829CF519B00D61BD4 /* ThreeLetters.swift */,
				33AFF4FA29D015A800D61BD4 /* FirstUnique.swift */,
				33AFF4FC29D01C1F00D61BD4 /* SrtSymmetryPoint.swift */,
			);
			path = Exercise;
			sourceTree = "<group>";
		};
		33AFF51129D1993800D61BD4 /* Recovered References */ = {
			isa = PBXGroup;
			children = (
			);
			name = "Recovered References";
			sourceTree = "<group>";
		};
		33B54EA629A0872300D2BECF /* Softeer */ = {
			isa = PBXGroup;
			children = (
				33B54EA729A0872300D2BECF /* 전광판.swift */,
				33B54EA929A0873100D2BECF /* 범위 찾기.swift */,
			);
			path = Softeer;
			sourceTree = "<group>";
		};
		33E38C06289ACE9400137EF3 /* level1 */ = {
			isa = PBXGroup;
			children = (
				33DFAE3B2898036A0075DD46 /* 신규 아이디 추천.swift */,
				33DFAE3D28980C360075DD46 /* 키패드 누르기.swift */,
				33DFAE41289823800075DD46 /* 서울에서 김서방 찾기.swift */,
				33DFAE43289842B00075DD46 /* 크레인 인형뽑기 게임.swift */,
				33DFAE3F289814930075DD46 /* 가운데 글자 가져오기.swift */,
				334149962897E910008BB719 /* 7-NoneNumberPlus */,
				330407DE28C60ABB0052EA19 /* 성격 유형 검사하기.swift */,
				334E6FEE28DE344700865FDD /* 신고 결과 받기.swift */,
				33AE9BCA28F58A470081D069 /* 실패율.swift */,
				33404F32292E1F2600F285C7 /* 기사단원의 무기.swift */,
				334F97A32940D07B00133427 /* 과일 장수.swift */,
				33231EC32948A1CE0094B6C2 /* 명예의 전당(1).swift */,
				33231EC52948A9C60094B6C2 /* 가장 가까운 같은 글자.swift */,
				3394AA432951D7AF005F521E /* 성격 유형 검사하기_re.swift */,
				338A67AE2955BDA40060169B /* 신고 결과 받기_re.swift */,
				3388FE512964393500C61EDA /* 2016년.swift */,
				3388FE5329643F7F00C61EDA /* 나누어 떨어지는 숫자 배열.swift */,
				33B3F5B3296474B7000C7D6F /* 두 정수 사이의 합.swift */,
				33B3F5B529647709000C7D6F /* 문자열 내 마음대로 정렬하기.swift */,
				33B3F5B729647B2B000C7D6F /* 문자열 내 p와 y의 개수.swift */,
				33B3F5B929647EC0000C7D6F /* 문자열 내림차순으로 배치하기.swift */,
				33B3F5BD2964835A000C7D6F /* 문자열 다루기 기본.swift */,
				33B3F5BF29648752000C7D6F /* 소수 찾기.swift */,
				33B3F5C1296543EA000C7D6F /* 숫자 짝꿍.swift */,
				33B3F5C32965DED5000C7D6F /* 수박수박수박수박수박수?.swift */,
				33B3F5C52965E4A9000C7D6F /* 로또의 최고 순위와 최저 순위.swift */,
				33B3F5C72965EA30000C7D6F /* 시저 암호.swift */,
				338DB32A29669940004C41B2 /* 모의고사.swift */,
				3353F6D82968595000855EDA /* 비밀지도.swift */,
				333166CE296D492B00AF717B /* 문자열을 정수로 바꾸기.swift */,
				333166D0296D4E6800AF717B /* 약수의 합.swift */,
				333166D2296D543800AF717B /* 이상한 문자 만들기.swift */,
				333166D4296D5A7B00AF717B /* 자릿수 더하기.swift */,
				333166D6296D653B00AF717B /* 자연수 뒤집어 배열로 만들기.swift */,
				333166D8296D6F3500AF717B /* 문자열 나누기.swift */,
				333166DA296D942F00AF717B /* 푸드 파이트 대회.swift */,
				333166DC296D9B2700AF717B /* 개인정보 수집 유효기간.swift */,
				335F5111296EA4DB0068C5C7 /* 햄버거 만들기.swift */,
				33E9C71F2970349100479C1B /* 옹알이(2).swift */,
				339ED9442971819A00C232A8 /* 다트 게임.swift */,
				3357F0B9297833F9008D6C10 /* 나머지가 1이 되는 수 찾기.swift */,
				3357F0BB29783A53008D6C10 /* 정수 내림차순으로 배치하기.swift */,
				3357F0BD29785559008D6C10 /* 제일 작은 수 제거하기.swift */,
				3357F0BF29785870008D6C10 /* 정수 제곱근 판별.swift */,
				3357F0C129785B13008D6C10 /* 짝수와 홀수.swift */,
				3357F0C329785C20008D6C10 /* 평균 구하기.swift */,
				3357F0C529785D9C008D6C10 /* 핸드폰 번호 가리기.swift */,
				3357F0C72978616C008D6C10 /* x만큼 간격이 있는 n개의 숫자.swift */,
				3357F0CB29798C68008D6C10 /* 음양 더하기.swift */,
				3357F0CD297990F9008D6C10 /* 콜라츠 추측.swift */,
				3357F0CF2979970F008D6C10 /* 하샤드 수.swift */,
				3357F0D129799B80008D6C10 /* 예산.swift */,
				3357F0D3297BC9E0008D6C10 /* 부족한 금액 계산하기.swift */,
				3357F0D5297BCD6D008D6C10 /* 최대공약수와 최소공배수.swift */,
				3357F0D7297EBCFB008D6C10 /* 내적.swift */,
				3357F0D9298024B0008D6C10 /* 행렬의 덧셈.swift */,
				3359E0FA298270220023A382 /* 직사각형 별찍기.swift */,
				3359E0FC298276D10023A382 /* 약수의 개수와 덧셈.swift */,
				3359E0FE298285460023A382 /* 3진법 뒤집기.swift */,
				3359E1002982ADE40023A382 /* K번째 수.swift */,
				3359E1022982DCF80023A382 /* 두 개 뽑아서 더하기.swift */,
				3359E104298313400023A382 /* 콜라 문제.swift */,
				3359E1062983C6F90023A382 /* 최소직사각형.swift */,
				3359E1082983D0670023A382 /* 삼총사.swift */,
				3379B43C298D13BC00F53315 /* 둘만의 암호.swift */,
				338CB6CD29A8FEDF00FF3918 /* 대충 만든 자판.swift */,
				338CB6DF29ACF0F300FF3918 /* 카드 뭉치.swift */,
				336260F129B4A1FF00B6CF9D /* 바탕화면 정리.swift */,
			);
			path = level1;
			sourceTree = "<group>";
		};
		33E38C07289ACEA600137EF3 /* level2 */ = {
			isa = PBXGroup;
			children = (
				33E38C08289AD0D800137EF3 /* 문자열 압축.swift */,
				33B39B2A289C4C2D0065B484 /* 타겟 넘버.swift */,
				33A5DAF728D9C3AB00E4EB37 /* 큰 수 만들기.swift */,
				33CEFA5A28DA4057007CDBBB /* 괄호 변환.swift */,
				33EAB73B28DB434A00560BF5 /* 주차 요금 계산.swift */,
				3316175628DCA81D001DAACE /* 양궁대회.swift */,
				3316175928DDDCB7001DAACE /* 순위 검색.swift */,
				33CB361C28DDEF56009BEB59 /* 메뉴 리뉴얼.swift */,
				33DAF47B28F5A62000984D8D /* 할인행사.swift */,
				33BC941629308AAE00B4DB59 /* 귤 고르기.swift */,
				33E101F829311C6F0038AB20 /* 위장.swift */,
				3386C8C82949D6E00005EAE8 /* 튜플.swift */,
				338A67B029560B4D0060169B /* 점프와 순간 이동.swift */,
				337C3E9A296AF04D005131A8 /* 마법의 엘리베이터.swift */,
				339ED97E2976CA4B00C232A8 /* 프렌즈4블록.swift */,
				3357F0C929797A9F008D6C10 /* 이모티콘 할인행사.swift */,
				3359E0F8298123980023A382 /* 전력망을 둘로 나누기.swift */,
				3359E10A2983ECA00023A382 /* 무인도 여행.swift */,
				33BB13602984F5F5000E8CE5 /* n진수 게임.swift */,
				33CEE2B02987FB530001C661 /* 숫자 변환하기.swift */,
				3379B43429897C0F00F53315 /* 뒤에 있는 큰 수 찾기.swift */,
				3379B436298A5D0F00F53315 /* 다리를 지나는 트럭.swift */,
				3379B438298C18F800F53315 /* 후보키.swift */,
				3379B43A298D0E3F00F53315 /* 호텔 대실.swift */,
				337D092C2994DA6600777D9A /* 땅따먹기.swift */,
				33F4A50D29967FFC00B6DD2C /* 행렬 테두리 회전하기.swift */,
				33C5BC14299B48050034B019 /* 영어 끝말잇기.swift */,
				33C5BC16299B86F00034B019 /* 다음 큰 숫자.swift */,
				33C5BC18299B8E3A0034B019 /* 최솟값 만들기.swift */,
				33B2E7D729A3C51D00759849 /* 파일명 정렬.swift */,
				330D91E629A4E10C00E297AD /* 피로도.swift */,
				330D91E929A63AEE00E297AD /* [1차] 뉴스 클러스터링.swift */,
				330D91EB29A6498400E297AD /* 스킬트리.swift */,
				330409CF29A7A52900B689E7 /* JadenCase 문자열 만들기.swift */,
				338CB6E129ACF4A900FF3918 /* [3차] 방금그곡.swift */,
				338BB07229B73DD000F6A70E /* 혼자서 하는 틱택토.swift */,
				338BB07429B76C2D00F6A70E /* [1차] 캐시.swift */,
				33029DB129C4A6EC003903BE /* 피보나치 수.swift */,
				33029DB329C85BC3003903BE /* 두 큐 합 같게 만들기.swift */,
				3399268C29C99E7500C998C2 /* 택배 배달과 수거하기.swift */,
				33AFF50529D180A800D61BD4 /* 수식 최대화.swift */,
				33AFF51229D19D9000D61BD4 /* 거리두기 확인하기.swift */,
				3304D50929D57DFA00A88399 /* 타겟 넘버_2.swift */,
				3304D50B29D5906F00A88399 /* [3차] 압축.swift */,
			);
			path = level2;
			sourceTree = "<group>";
		};
/* End PBXGroup section */

/* Begin PBXNativeTarget section */
		3341498B2897E853008BB719 /* Programmers1 */ = {
			isa = PBXNativeTarget;
			buildConfigurationList = 334149932897E853008BB719 /* Build configuration list for PBXNativeTarget "Programmers1" */;
			buildPhases = (
				334149882897E853008BB719 /* Sources */,
				334149892897E853008BB719 /* Frameworks */,
				3341498A2897E853008BB719 /* CopyFiles */,
			);
			buildRules = (
			);
			dependencies = (
			);
			name = Programmers1;
			productName = ProgrammersLevel1;
			productReference = 3341498C2897E853008BB719 /* Programmers1 */;
			productType = "com.apple.product-type.tool";
		};
/* End PBXNativeTarget section */

/* Begin PBXProject section */
		334149842897E852008BB719 /* Project object */ = {
			isa = PBXProject;
			attributes = {
				BuildIndependentTargetsInParallel = 1;
				LastSwiftUpdateCheck = 1340;
				LastUpgradeCheck = 1340;
				TargetAttributes = {
					3341498B2897E853008BB719 = {
						CreatedOnToolsVersion = 13.4;
					};
				};
			};
			buildConfigurationList = 334149872897E852008BB719 /* Build configuration list for PBXProject "Programmers" */;
			compatibilityVersion = "Xcode 13.0";
			developmentRegion = en;
			hasScannedForEncodings = 0;
			knownRegions = (
				en,
				Base,
			);
			mainGroup = 334149832897E852008BB719;
			productRefGroup = 3341498D2897E853008BB719 /* Products */;
			projectDirPath = "";
			projectRoot = "";
			targets = (
				3341498B2897E853008BB719 /* Programmers1 */,
			);
		};
/* End PBXProject section */

/* Begin PBXSourcesBuildPhase section */
		334149882897E853008BB719 /* Sources */ = {
			isa = PBXSourcesBuildPhase;
			buildActionMask = 2147483647;
			files = (
				33B3F5B629647709000C7D6F /* 문자열 내 마음대로 정렬하기.swift in Sources */,
				3353F6D92968595000855EDA /* 비밀지도.swift in Sources */,
				3304D50C29D5906F00A88399 /* [3차] 압축.swift in Sources */,
				33AFF4D329CCBD9F00D61BD4 /* Distinct.swift in Sources */,
				3359057A29CAFCB2009BD501 /* FrogRiverOne.swift in Sources */,
				334E6FED28DE326200865FDD /* 파괴되지 않은 건물.swift in Sources */,
				33AFF4E229CDB2FF00D61BD4 /* StoneWall.swift in Sources */,
				33DAF47C28F5A62000984D8D /* 할인행사.swift in Sources */,
				33CB361D28DDEF56009BEB59 /* 메뉴 리뉴얼.swift in Sources */,
				3357F0C029785870008D6C10 /* 정수 제곱근 판별.swift in Sources */,
				33AFF51929D43CB600D61BD4 /* 단어 변환.swift in Sources */,
				330D91E729A4E10C00E297AD /* 피로도.swift in Sources */,
				33F4A50E29967FFC00B6DD2C /* 행렬 테두리 회전하기.swift in Sources */,
				3399269629CA23B100C998C2 /* CyclicRotation.swift in Sources */,
				330D91EC29A6498400E297AD /* 스킬트리.swift in Sources */,
				339ED9452971819A00C232A8 /* 다트 게임.swift in Sources */,
				33CEFA5B28DA4057007CDBBB /* 괄호 변환.swift in Sources */,
				334E6FEB28DE126E00865FDD /* 양과 늑대.swift in Sources */,
				3357F0CE297990F9008D6C10 /* 콜라츠 추측.swift in Sources */,
				33DFAE42289823800075DD46 /* 서울에서 김서방 찾기.swift in Sources */,
				33AFF4F329CF443100D61BD4 /* TennisTournament.swift in Sources */,
				33AFF4F729CF4DEC00D61BD4 /* ParityDegree.swift in Sources */,
				33BB13612984F5F5000E8CE5 /* n진수 게임.swift in Sources */,
				33AFF4D029CC525100D61BD4 /* MinAvgTwoSlice.swift in Sources */,
				33AFF4EA29CEE3F700D61BD4 /* MinMaxDivision.swift in Sources */,
				33B54EA829A0872300D2BECF /* 전광판.swift in Sources */,
				333166CF296D492B00AF717B /* 문자열을 정수로 바꾸기.swift in Sources */,
				33E101F929311C6F0038AB20 /* 위장.swift in Sources */,
				3379B43B298D0E3F00F53315 /* 호텔 대실.swift in Sources */,
				3304D50A29D57DFA00A88399 /* 타겟 넘버_2.swift in Sources */,
				3359058529CB7273009BD501 /* CountDiv.swift in Sources */,
				3357F0BA297833F9008D6C10 /* 나머지가 1이 되는 수 찾기.swift in Sources */,
				3359058329CB6D9B009BD501 /* PassingCars.swift in Sources */,
				333166D7296D653B00AF717B /* 자연수 뒤집어 배열로 만들기.swift in Sources */,
				3357F0D8297EBCFB008D6C10 /* 내적.swift in Sources */,
				33B54EAA29A0873100D2BECF /* 범위 찾기.swift in Sources */,
				333166D9296D6F3500AF717B /* 문자열 나누기.swift in Sources */,
				3357F0C629785D9C008D6C10 /* 핸드폰 번호 가리기.swift in Sources */,
				333166DD296D9B2700AF717B /* 개인정보 수집 유효기간.swift in Sources */,
				33B3F5C2296543EA000C7D6F /* 숫자 짝꿍.swift in Sources */,
				33DFAE3C2898036B0075DD46 /* 신규 아이디 추천.swift in Sources */,
				33AFF4CE29CC1F6400D61BD4 /* GenomicRangeQuery.swift in Sources */,
				33B3F5BA29647EC0000C7D6F /* 문자열 내림차순으로 배치하기.swift in Sources */,
				3388FE5429643F7F00C61EDA /* 나누어 떨어지는 숫자 배열.swift in Sources */,
				3394AA442951D7AF005F521E /* 성격 유형 검사하기_re.swift in Sources */,
				33AFF4E529CE057100D61BD4 /* MaxNonoverlappingSegments.swift in Sources */,
				33029DB229C4A6EC003903BE /* 피보나치 수.swift in Sources */,
				334F97A42940D07B00133427 /* 과일 장수.swift in Sources */,
				338BB07329B73DD000F6A70E /* 혼자서 하는 틱택토.swift in Sources */,
				338CB6CE29A8FEDF00FF3918 /* 대충 만든 자판.swift in Sources */,
				338A67AF2955BDA50060169B /* 신고 결과 받기_re.swift in Sources */,
				33AE9BCB28F58A470081D069 /* 실패율.swift in Sources */,
				3386C8C92949D6E00005EAE8 /* 튜플.swift in Sources */,
				33B3F5C42965DED5000C7D6F /* 수박수박수박수박수박수?.swift in Sources */,
				330407DF28C60ABB0052EA19 /* 성격 유형 검사하기.swift in Sources */,
				33DFAE3E28980C360075DD46 /* 키패드 누르기.swift in Sources */,
				33A5DAF828D9C3AB00E4EB37 /* 큰 수 만들기.swift in Sources */,
				33AFF4F129CF264800D61BD4 /* FloodDepth.swift in Sources */,
				33B3F5B4296474B7000C7D6F /* 두 정수 사이의 합.swift in Sources */,
				3357F0CA29797A9F008D6C10 /* 이모티콘 할인행사.swift in Sources */,
				33C5BC19299B8E3A0034B019 /* 최솟값 만들기.swift in Sources */,
				3316175728DCA81D001DAACE /* 양궁대회.swift in Sources */,
				3357F0BC29783A53008D6C10 /* 정수 내림차순으로 배치하기.swift in Sources */,
				33AFF4F929CF519B00D61BD4 /* ThreeLetters.swift in Sources */,
				3359057729CAE7A4009BD501 /* TapeEquilibrium.swift in Sources */,
				3388FE522964393500C61EDA /* 2016년.swift in Sources */,
				33231EC42948A1CE0094B6C2 /* 명예의 전당(1).swift in Sources */,
				3359057E29CB0C48009BD501 /* MaxCounters.swift in Sources */,
				33B2E7D829A3C51D00759849 /* 파일명 정렬.swift in Sources */,
				338CB6E029ACF0F300FF3918 /* 카드 뭉치.swift in Sources */,
				338BB07529B76C2D00F6A70E /* [1차] 캐시.swift in Sources */,
				333166D5296D5A7B00AF717B /* 자릿수 더하기.swift in Sources */,
				334149902897E853008BB719 /* main.swift in Sources */,
				33AFF4FD29D01C1F00D61BD4 /* SrtSymmetryPoint.swift in Sources */,
				338DB32B29669940004C41B2 /* 모의고사.swift in Sources */,
				3357F0D229799B80008D6C10 /* 예산.swift in Sources */,
				33C5BC15299B48050034B019 /* 영어 끝말잇기.swift in Sources */,
				3357F0CC29798C68008D6C10 /* 음양 더하기.swift in Sources */,
				3329C6F52937351100493B14 /* 여행 경로.swift in Sources */,
				339ED97F2976CA4B00C232A8 /* 프렌즈4블록.swift in Sources */,
				3357F0BE29785559008D6C10 /* 제일 작은 수 제거하기.swift in Sources */,
				33029DB429C85BC3003903BE /* 두 큐 합 같게 만들기.swift in Sources */,
				3379B439298C18F800F53315 /* 후보키.swift in Sources */,
				33AFF51329D19D9000D61BD4 /* 거리두기 확인하기.swift in Sources */,
				3359058029CB66F6009BD501 /* MissingInteger.swift in Sources */,
				3359E0F9298123980023A382 /* 전력망을 둘로 나누기.swift in Sources */,
				3399269229CA1B7400C998C2 /* BinaryGap.swift in Sources */,
				33AFF4E029CDAEEA00D61BD4 /* Nesting.swift in Sources */,
				3359057C29CB080F009BD501 /* PermCheck.swift in Sources */,
				334E6FEF28DE344700865FDD /* 신고 결과 받기.swift in Sources */,
				33DFAE40289814930075DD46 /* 가운데 글자 가져오기.swift in Sources */,
				33231EC62948A9C60094B6C2 /* 가장 가까운 같은 글자.swift in Sources */,
				33AFF51529D2BB3D00D61BD4 /* 보석 쇼핑.swift in Sources */,
				33AFF4EC29CEF88500D61BD4 /* NailingPlanks.swift in Sources */,
				33AFF4DE29CD872800D61BD4 /* Fish.swift in Sources */,
				3399268F29C9DFB700C998C2 /* 숫자 게임.swift in Sources */,
				33B3F5C029648752000C7D6F /* 소수 찾기.swift in Sources */,
				33AFF50629D180A800D61BD4 /* 수식 최대화.swift in Sources */,
				337D092D2994DA6600777D9A /* 땅따먹기.swift in Sources */,
				3359E1072983C6F90023A382 /* 최소직사각형.swift in Sources */,
				338A67B129560B4D0060169B /* 점프와 순간 이동.swift in Sources */,
				33CEE2B12987FB530001C661 /* 숫자 변환하기.swift in Sources */,
				33B39B2B289C4C2D0065B484 /* 타겟 넘버.swift in Sources */,
				3316175A28DDDCB7001DAACE /* 순위 검색.swift in Sources */,
				333166DB296D942F00AF717B /* 푸드 파이트 대회.swift in Sources */,
				336260F229B4A1FF00B6CF9D /* 바탕화면 정리.swift in Sources */,
				3379B43D298D13BC00F53315 /* 둘만의 암호.swift in Sources */,
				33AFF4EF29CF1D0200D61BD4 /* LongestPassword.swift in Sources */,
				33B3F5C82965EA30000C7D6F /* 시저 암호.swift in Sources */,
				3359E0FD298276D10023A382 /* 약수의 개수와 덧셈.swift in Sources */,
				33E38C09289AD0D800137EF3 /* 문자열 압축.swift in Sources */,
				33DFAE44289842B00075DD46 /* 크레인 인형뽑기 게임.swift in Sources */,
				3359E0FB298270220023A382 /* 직사각형 별찍기.swift in Sources */,
				3359E1092983D0670023A382 /* 삼총사.swift in Sources */,
				33EAB73C28DB434A00560BF5 /* 주차 요금 계산.swift in Sources */,
				33AFF51729D428A400D61BD4 /* 네트워크.swift in Sources */,
				3359E1032982DCF80023A382 /* 두 개 뽑아서 더하기.swift in Sources */,
				3379B437298A5D0F00F53315 /* 다리를 지나는 트럭.swift in Sources */,
				3359057529CAE27A009BD501 /* PermMissingElem.swift in Sources */,
				33BC941729308AAE00B4DB59 /* 귤 고르기.swift in Sources */,
				33AFF4DC29CCDEC600D61BD4 /* Brackets.swift in Sources */,
				3341499A2897EA4D008BB719 /* otherSolve.swift in Sources */,
				3357F0D6297BCD6D008D6C10 /* 최대공약수와 최소공배수.swift in Sources */,
				3359E10B2983ECA00023A382 /* 무인도 여행.swift in Sources */,
				3379B43529897C0F00F53315 /* 뒤에 있는 큰 수 찾기.swift in Sources */,
				337C3E9B296AF04D005131A8 /* 마법의 엘리베이터.swift in Sources */,
				33404F33292E1F2600F285C7 /* 기사단원의 무기.swift in Sources */,
				33B3F5C62965E4A9000C7D6F /* 로또의 최고 순위와 최저 순위.swift in Sources */,
				3357F0DA298024B0008D6C10 /* 행렬의 덧셈.swift in Sources */,
				33C5BC17299B86F00034B019 /* 다음 큰 숫자.swift in Sources */,
				335F5112296EA4DB0068C5C7 /* 햄버거 만들기.swift in Sources */,
				33AFF4FB29D015A800D61BD4 /* FirstUnique.swift in Sources */,
				33AFF4F529CF46EB00D61BD4 /* ParkingBill.swift in Sources */,
				33B3F5B829647B2B000C7D6F /* 문자열 내 p와 y의 개수.swift in Sources */,
				3359057329CADE2A009BD501 /* FrogJmp.swift in Sources */,
				33E9C7202970349100479C1B /* 옹알이(2).swift in Sources */,
				334149982897E948008BB719 /* solve.swift in Sources */,
				33AFF4E729CE102000D61BD4 /* TieRopes.swift in Sources */,
				3359E1012982ADE40023A382 /* K번째 수.swift in Sources */,
				3357F0C429785C20008D6C10 /* 평균 구하기.swift in Sources */,
				33AFF4D929CCDC4700D61BD4 /* NumberOfDiscIntersections.swift in Sources */,
				33AFF4D729CCC3FC00D61BD4 /* Triangle.swift in Sources */,
				3357F0C229785B13008D6C10 /* 짝수와 홀수.swift in Sources */,
				3359E0FF298285460023A382 /* 3진법 뒤집기.swift in Sources */,
				338CB6E229ACF4A900FF3918 /* [3차] 방금그곡.swift in Sources */,
				33B3F5BE2964835A000C7D6F /* 문자열 다루기 기본.swift in Sources */,
				333166D1296D4E6800AF717B /* 약수의 합.swift in Sources */,
				330D91EA29A63AEE00E297AD /* [1차] 뉴스 클러스터링.swift in Sources */,
				333166D3296D543800AF717B /* 이상한 문자 만들기.swift in Sources */,
				3399269829CA2BBB00C998C2 /* OddOccurrencesInArray.swift in Sources */,
				3399268D29C99E7500C998C2 /* 택배 배달과 수거하기.swift in Sources */,
				330409D029A7A52900B689E7 /* JadenCase 문자열 만들기.swift in Sources */,
				3357F0D02979970F008D6C10 /* 하샤드 수.swift in Sources */,
				3357F0D4297BC9E0008D6C10 /* 부족한 금액 계산하기.swift in Sources */,
				3359E105298313410023A382 /* 콜라 문제.swift in Sources */,
				33AFF4D529CCBFE500D61BD4 /* MaxProductOfThree.swift in Sources */,
				3357F0C82978616C008D6C10 /* x만큼 간격이 있는 n개의 숫자.swift in Sources */,
			);
			runOnlyForDeploymentPostprocessing = 0;
		};
/* End PBXSourcesBuildPhase section */

/* Begin XCBuildConfiguration section */
		334149912897E853008BB719 /* Debug */ = {
			isa = XCBuildConfiguration;
			buildSettings = {
				ALWAYS_SEARCH_USER_PATHS = NO;
				CLANG_ANALYZER_NONNULL = YES;
				CLANG_ANALYZER_NUMBER_OBJECT_CONVERSION = YES_AGGRESSIVE;
				CLANG_CXX_LANGUAGE_STANDARD = "gnu++17";
				CLANG_ENABLE_MODULES = YES;
				CLANG_ENABLE_OBJC_ARC = YES;
				CLANG_ENABLE_OBJC_WEAK = YES;
				CLANG_WARN_BLOCK_CAPTURE_AUTORELEASING = YES;
				CLANG_WARN_BOOL_CONVERSION = YES;
				CLANG_WARN_COMMA = YES;
				CLANG_WARN_CONSTANT_CONVERSION = YES;
				CLANG_WARN_DEPRECATED_OBJC_IMPLEMENTATIONS = YES;
				CLANG_WARN_DIRECT_OBJC_ISA_USAGE = YES_ERROR;
				CLANG_WARN_DOCUMENTATION_COMMENTS = YES;
				CLANG_WARN_EMPTY_BODY = YES;
				CLANG_WARN_ENUM_CONVERSION = YES;
				CLANG_WARN_INFINITE_RECURSION = YES;
				CLANG_WARN_INT_CONVERSION = YES;
				CLANG_WARN_NON_LITERAL_NULL_CONVERSION = YES;
				CLANG_WARN_OBJC_IMPLICIT_RETAIN_SELF = YES;
				CLANG_WARN_OBJC_LITERAL_CONVERSION = YES;
				CLANG_WARN_OBJC_ROOT_CLASS = YES_ERROR;
				CLANG_WARN_QUOTED_INCLUDE_IN_FRAMEWORK_HEADER = YES;
				CLANG_WARN_RANGE_LOOP_ANALYSIS = YES;
				CLANG_WARN_STRICT_PROTOTYPES = YES;
				CLANG_WARN_SUSPICIOUS_MOVE = YES;
				CLANG_WARN_UNGUARDED_AVAILABILITY = YES_AGGRESSIVE;
				CLANG_WARN_UNREACHABLE_CODE = YES;
				CLANG_WARN__DUPLICATE_METHOD_MATCH = YES;
				COPY_PHASE_STRIP = NO;
				DEBUG_INFORMATION_FORMAT = dwarf;
				ENABLE_STRICT_OBJC_MSGSEND = YES;
				ENABLE_TESTABILITY = YES;
				GCC_C_LANGUAGE_STANDARD = gnu11;
				GCC_DYNAMIC_NO_PIC = NO;
				GCC_NO_COMMON_BLOCKS = YES;
				GCC_OPTIMIZATION_LEVEL = 0;
				GCC_PREPROCESSOR_DEFINITIONS = (
					"DEBUG=1",
					"$(inherited)",
				);
				GCC_WARN_64_TO_32_BIT_CONVERSION = YES;
				GCC_WARN_ABOUT_RETURN_TYPE = YES_ERROR;
				GCC_WARN_UNDECLARED_SELECTOR = YES;
				GCC_WARN_UNINITIALIZED_AUTOS = YES_AGGRESSIVE;
				GCC_WARN_UNUSED_FUNCTION = YES;
				GCC_WARN_UNUSED_VARIABLE = YES;
				MACOSX_DEPLOYMENT_TARGET = 12.3;
				MTL_ENABLE_DEBUG_INFO = INCLUDE_SOURCE;
				MTL_FAST_MATH = YES;
				ONLY_ACTIVE_ARCH = YES;
				SDKROOT = macosx;
				SWIFT_ACTIVE_COMPILATION_CONDITIONS = DEBUG;
				SWIFT_OPTIMIZATION_LEVEL = "-Onone";
			};
			name = Debug;
		};
		334149922897E853008BB719 /* Release */ = {
			isa = XCBuildConfiguration;
			buildSettings = {
				ALWAYS_SEARCH_USER_PATHS = NO;
				CLANG_ANALYZER_NONNULL = YES;
				CLANG_ANALYZER_NUMBER_OBJECT_CONVERSION = YES_AGGRESSIVE;
				CLANG_CXX_LANGUAGE_STANDARD = "gnu++17";
				CLANG_ENABLE_MODULES = YES;
				CLANG_ENABLE_OBJC_ARC = YES;
				CLANG_ENABLE_OBJC_WEAK = YES;
				CLANG_WARN_BLOCK_CAPTURE_AUTORELEASING = YES;
				CLANG_WARN_BOOL_CONVERSION = YES;
				CLANG_WARN_COMMA = YES;
				CLANG_WARN_CONSTANT_CONVERSION = YES;
				CLANG_WARN_DEPRECATED_OBJC_IMPLEMENTATIONS = YES;
				CLANG_WARN_DIRECT_OBJC_ISA_USAGE = YES_ERROR;
				CLANG_WARN_DOCUMENTATION_COMMENTS = YES;
				CLANG_WARN_EMPTY_BODY = YES;
				CLANG_WARN_ENUM_CONVERSION = YES;
				CLANG_WARN_INFINITE_RECURSION = YES;
				CLANG_WARN_INT_CONVERSION = YES;
				CLANG_WARN_NON_LITERAL_NULL_CONVERSION = YES;
				CLANG_WARN_OBJC_IMPLICIT_RETAIN_SELF = YES;
				CLANG_WARN_OBJC_LITERAL_CONVERSION = YES;
				CLANG_WARN_OBJC_ROOT_CLASS = YES_ERROR;
				CLANG_WARN_QUOTED_INCLUDE_IN_FRAMEWORK_HEADER = YES;
				CLANG_WARN_RANGE_LOOP_ANALYSIS = YES;
				CLANG_WARN_STRICT_PROTOTYPES = YES;
				CLANG_WARN_SUSPICIOUS_MOVE = YES;
				CLANG_WARN_UNGUARDED_AVAILABILITY = YES_AGGRESSIVE;
				CLANG_WARN_UNREACHABLE_CODE = YES;
				CLANG_WARN__DUPLICATE_METHOD_MATCH = YES;
				COPY_PHASE_STRIP = NO;
				DEBUG_INFORMATION_FORMAT = "dwarf-with-dsym";
				ENABLE_NS_ASSERTIONS = NO;
				ENABLE_STRICT_OBJC_MSGSEND = YES;
				GCC_C_LANGUAGE_STANDARD = gnu11;
				GCC_NO_COMMON_BLOCKS = YES;
				GCC_WARN_64_TO_32_BIT_CONVERSION = YES;
				GCC_WARN_ABOUT_RETURN_TYPE = YES_ERROR;
				GCC_WARN_UNDECLARED_SELECTOR = YES;
				GCC_WARN_UNINITIALIZED_AUTOS = YES_AGGRESSIVE;
				GCC_WARN_UNUSED_FUNCTION = YES;
				GCC_WARN_UNUSED_VARIABLE = YES;
				MACOSX_DEPLOYMENT_TARGET = 12.3;
				MTL_ENABLE_DEBUG_INFO = NO;
				MTL_FAST_MATH = YES;
				SDKROOT = macosx;
				SWIFT_COMPILATION_MODE = wholemodule;
				SWIFT_OPTIMIZATION_LEVEL = "-O";
			};
			name = Release;
		};
		334149942897E853008BB719 /* Debug */ = {
			isa = XCBuildConfiguration;
			buildSettings = {
				CODE_SIGN_STYLE = Automatic;
				DEVELOPMENT_TEAM = 2ZS26WP93H;
				ENABLE_HARDENED_RUNTIME = YES;
				PRODUCT_NAME = "$(TARGET_NAME)";
				SWIFT_VERSION = 5.0;
			};
			name = Debug;
		};
		334149952897E853008BB719 /* Release */ = {
			isa = XCBuildConfiguration;
			buildSettings = {
				CODE_SIGN_STYLE = Automatic;
				DEVELOPMENT_TEAM = 2ZS26WP93H;
				ENABLE_HARDENED_RUNTIME = YES;
				PRODUCT_NAME = "$(TARGET_NAME)";
				SWIFT_VERSION = 5.0;
			};
			name = Release;
		};
/* End XCBuildConfiguration section */

/* Begin XCConfigurationList section */
		334149872897E852008BB719 /* Build configuration list for PBXProject "Programmers" */ = {
			isa = XCConfigurationList;
			buildConfigurations = (
				334149912897E853008BB719 /* Debug */,
				334149922897E853008BB719 /* Release */,
			);
			defaultConfigurationIsVisible = 0;
			defaultConfigurationName = Release;
		};
		334149932897E853008BB719 /* Build configuration list for PBXNativeTarget "Programmers1" */ = {
			isa = XCConfigurationList;
			buildConfigurations = (
				334149942897E853008BB719 /* Debug */,
				334149952897E853008BB719 /* Release */,
			);
			defaultConfigurationIsVisible = 0;
			defaultConfigurationName = Release;
		};
/* End XCConfigurationList section */
	};
	rootObject = 334149842897E852008BB719 /* Project object */;
}
